
Microsoft Visual Studio Solution File, Format Version 12.00
# Visual Studio Version 16
VisualStudioVersion = 16.0.29215.179
MinimumVisualStudioVersion = 10.0.40219.1
Project("{FAE04EC0-301F-11D3-BF4B-00C04F79EFBC}") = "SillyCompany.Mobile.Practices.Droid", "SillyCompany.Mobile.Practices.Droid\SillyCompany.Mobile.Practices.Droid.csproj", "{29D843AC-8334-4F21-86E1-B812D8EC03D0}"
EndProject
Project("{FAE04EC0-301F-11D3-BF4B-00C04F79EFBC}") = "SillyCompany.Mobile.Practices.iOS", "SillyCompany.Mobile.Practices.iOS\SillyCompany.Mobile.Practices.iOS.csproj", "{A6B2F126-4DDF-46A6-BF7B-C28C3C832FB4}"
EndProject
Project("{9A19103F-16F7-4668-BE54-9A1E7A4F7556}") = "Sharpnado.Presentation.Forms", "Sharpnado.Presentation.Forms\Sharpnado.Presentation.Forms\Sharpnado.Presentation.Forms.csproj", "{BEF61BA6-2881-478D-8E49-C7FBC89A0069}"
EndProject
Project("{2150E333-8FDC-42A3-9474-1A3956D46DE8}") = "Sharpnado", "Sharpnado", "{5C2ABC05-D72C-4BC8-8189-8B26E772B666}"
EndProject
Project("{FAE04EC0-301F-11D3-BF4B-00C04F79EFBC}") = "Sharpnado.Presentation.Forms.Droid", "Sharpnado.Presentation.Forms\Sharpnado.Presentation.Forms.Droid\Sharpnado.Presentation.Forms.Droid.csproj", "{5C880A51-9E8A-42A9-9FA5-10BC7D3E9FFC}"
EndProject
Project("{FAE04EC0-301F-11D3-BF4B-00C04F79EFBC}") = "Sharpnado.Presentation.Forms.iOS", "Sharpnado.Presentation.Forms\Sharpnado.Presentation.Forms.iOS\Sharpnado.Presentation.Forms.iOS.csproj", "{E71F3053-056C-4381-9638-048ED73BDFF6}"
EndProject
Project("{2150E333-8FDC-42A3-9474-1A3956D46DE8}") = "Stylecop", "Stylecop", "{4794A4DF-033E-4209-A9E4-C027F31F2504}"
	ProjectSection(SolutionItems) = preProject
		Sharpnado.Presentation.Forms\StyleCopRules.ruleset = Sharpnado.Presentation.Forms\StyleCopRules.ruleset
	EndProjectSection
EndProject
Project("{9A19103F-16F7-4668-BE54-9A1E7A4F7556}") = "SillyCompany.Mobile.Practices", "SillyCompany.Mobile.Practices\SillyCompany.Mobile.Practices.csproj", "{CA98E435-09D1-4358-BFAA-77265143095E}"
EndProject
Project("{2150E333-8FDC-42A3-9474-1A3956D46DE8}") = "Nuspec", "Nuspec", "{C4FBF1D4-87F0-4BA3-8D9E-AE8CBE13FFE5}"
	ProjectSection(SolutionItems) = preProject
		Sharpnado.Presentation.Forms\AssemblyInfo.targets = Sharpnado.Presentation.Forms\AssemblyInfo.targets
		Sharpnado.Presentation.Forms\make-packages.ps1 = Sharpnado.Presentation.Forms\make-packages.ps1
		Sharpnado.Presentation.Forms\Sharpnado.Forms.HorizontalListView.nuspec = Sharpnado.Presentation.Forms\Sharpnado.Forms.HorizontalListView.nuspec
		Sharpnado.Presentation.Forms\Sharpnado.Presentation.Forms.nuspec = Sharpnado.Presentation.Forms\Sharpnado.Presentation.Forms.nuspec
	EndProjectSection
EndProject
Project("{FAE04EC0-301F-11D3-BF4B-00C04F79EFBC}") = "SillyCompany.Mobile.Practices.UWP", "SillyCompany.Mobile.Practices.UWP\SillyCompany.Mobile.Practices.UWP.csproj", "{10F8230A-3646-4601-B346-97CF3D146766}"
EndProject
Global
	GlobalSection(SolutionConfigurationPlatforms) = preSolution
		Ad-Hoc|Any CPU = Ad-Hoc|Any CPU
		Ad-Hoc|ARM = Ad-Hoc|ARM
		Ad-Hoc|ARM64 = Ad-Hoc|ARM64
		Ad-Hoc|iPhone = Ad-Hoc|iPhone
		Ad-Hoc|iPhoneSimulator = Ad-Hoc|iPhoneSimulator
		Ad-Hoc|x64 = Ad-Hoc|x64
		Ad-Hoc|x86 = Ad-Hoc|x86
		AppStore|Any CPU = AppStore|Any CPU
		AppStore|ARM = AppStore|ARM
		AppStore|ARM64 = AppStore|ARM64
		AppStore|iPhone = AppStore|iPhone
		AppStore|iPhoneSimulator = AppStore|iPhoneSimulator
		AppStore|x64 = AppStore|x64
		AppStore|x86 = AppStore|x86
		Debug|Any CPU = Debug|Any CPU
		Debug|ARM = Debug|ARM
		Debug|ARM64 = Debug|ARM64
		Debug|iPhone = Debug|iPhone
		Debug|iPhoneSimulator = Debug|iPhoneSimulator
		Debug|x64 = Debug|x64
		Debug|x86 = Debug|x86
		DebugOldLayout|Any CPU = DebugOldLayout|Any CPU
		DebugOldLayout|ARM = DebugOldLayout|ARM
		DebugOldLayout|ARM64 = DebugOldLayout|ARM64
		DebugOldLayout|iPhone = DebugOldLayout|iPhone
		DebugOldLayout|iPhoneSimulator = DebugOldLayout|iPhoneSimulator
		DebugOldLayout|x64 = DebugOldLayout|x64
		DebugOldLayout|x86 = DebugOldLayout|x86
		Release|Any CPU = Release|Any CPU
		Release|ARM = Release|ARM
		Release|ARM64 = Release|ARM64
		Release|iPhone = Release|iPhone
		Release|iPhoneSimulator = Release|iPhoneSimulator
		Release|x64 = Release|x64
		Release|x86 = Release|x86
		ReleaseAndroid9.0|Any CPU = ReleaseAndroid9.0|Any CPU
		ReleaseAndroid9.0|ARM = ReleaseAndroid9.0|ARM
		ReleaseAndroid9.0|ARM64 = ReleaseAndroid9.0|ARM64
		ReleaseAndroid9.0|iPhone = ReleaseAndroid9.0|iPhone
		ReleaseAndroid9.0|iPhoneSimulator = ReleaseAndroid9.0|iPhoneSimulator
		ReleaseAndroid9.0|x64 = ReleaseAndroid9.0|x64
		ReleaseAndroid9.0|x86 = ReleaseAndroid9.0|x86
	EndGlobalSection
	GlobalSection(ProjectConfigurationPlatforms) = postSolution
		{29D843AC-8334-4F21-86E1-B812D8EC03D0}.Ad-Hoc|Any CPU.ActiveCfg = Release|Any CPU
		{29D843AC-8334-4F21-86E1-B812D8EC03D0}.Ad-Hoc|Any CPU.Build.0 = Release|Any CPU
		{29D843AC-8334-4F21-86E1-B812D8EC03D0}.Ad-Hoc|Any CPU.Deploy.0 = Release|Any CPU
		{29D843AC-8334-4F21-86E1-B812D8EC03D0}.Ad-Hoc|ARM.ActiveCfg = Debug|Any CPU
		{29D843AC-8334-4F21-86E1-B812D8EC03D0}.Ad-Hoc|ARM.Build.0 = Debug|Any CPU
		{29D843AC-8334-4F21-86E1-B812D8EC03D0}.Ad-Hoc|ARM.Deploy.0 = Debug|Any CPU
		{29D843AC-8334-4F21-86E1-B812D8EC03D0}.Ad-Hoc|ARM64.ActiveCfg = Debug|Any CPU
		{29D843AC-8334-4F21-86E1-B812D8EC03D0}.Ad-Hoc|ARM64.Build.0 = Debug|Any CPU
		{29D843AC-8334-4F21-86E1-B812D8EC03D0}.Ad-Hoc|ARM64.Deploy.0 = Debug|Any CPU
		{29D843AC-8334-4F21-86E1-B812D8EC03D0}.Ad-Hoc|iPhone.ActiveCfg = Release|Any CPU
		{29D843AC-8334-4F21-86E1-B812D8EC03D0}.Ad-Hoc|iPhone.Build.0 = Release|Any CPU
		{29D843AC-8334-4F21-86E1-B812D8EC03D0}.Ad-Hoc|iPhone.Deploy.0 = Release|Any CPU
		{29D843AC-8334-4F21-86E1-B812D8EC03D0}.Ad-Hoc|iPhoneSimulator.ActiveCfg = Release|Any CPU
		{29D843AC-8334-4F21-86E1-B812D8EC03D0}.Ad-Hoc|iPhoneSimulator.Build.0 = Release|Any CPU
		{29D843AC-8334-4F21-86E1-B812D8EC03D0}.Ad-Hoc|iPhoneSimulator.Deploy.0 = Release|Any CPU
		{29D843AC-8334-4F21-86E1-B812D8EC03D0}.Ad-Hoc|x64.ActiveCfg = Debug|Any CPU
		{29D843AC-8334-4F21-86E1-B812D8EC03D0}.Ad-Hoc|x64.Build.0 = Debug|Any CPU
		{29D843AC-8334-4F21-86E1-B812D8EC03D0}.Ad-Hoc|x64.Deploy.0 = Debug|Any CPU
		{29D843AC-8334-4F21-86E1-B812D8EC03D0}.Ad-Hoc|x86.ActiveCfg = Debug|Any CPU
		{29D843AC-8334-4F21-86E1-B812D8EC03D0}.Ad-Hoc|x86.Build.0 = Debug|Any CPU
		{29D843AC-8334-4F21-86E1-B812D8EC03D0}.Ad-Hoc|x86.Deploy.0 = Debug|Any CPU
		{29D843AC-8334-4F21-86E1-B812D8EC03D0}.AppStore|Any CPU.ActiveCfg = Release|Any CPU
		{29D843AC-8334-4F21-86E1-B812D8EC03D0}.AppStore|Any CPU.Build.0 = Release|Any CPU
		{29D843AC-8334-4F21-86E1-B812D8EC03D0}.AppStore|Any CPU.Deploy.0 = Release|Any CPU
		{29D843AC-8334-4F21-86E1-B812D8EC03D0}.AppStore|ARM.ActiveCfg = Debug|Any CPU
		{29D843AC-8334-4F21-86E1-B812D8EC03D0}.AppStore|ARM.Build.0 = Debug|Any CPU
		{29D843AC-8334-4F21-86E1-B812D8EC03D0}.AppStore|ARM.Deploy.0 = Debug|Any CPU
		{29D843AC-8334-4F21-86E1-B812D8EC03D0}.AppStore|ARM64.ActiveCfg = Debug|Any CPU
		{29D843AC-8334-4F21-86E1-B812D8EC03D0}.AppStore|ARM64.Build.0 = Debug|Any CPU
		{29D843AC-8334-4F21-86E1-B812D8EC03D0}.AppStore|ARM64.Deploy.0 = Debug|Any CPU
		{29D843AC-8334-4F21-86E1-B812D8EC03D0}.AppStore|iPhone.ActiveCfg = Release|Any CPU
		{29D843AC-8334-4F21-86E1-B812D8EC03D0}.AppStore|iPhone.Build.0 = Release|Any CPU
		{29D843AC-8334-4F21-86E1-B812D8EC03D0}.AppStore|iPhone.Deploy.0 = Release|Any CPU
		{29D843AC-8334-4F21-86E1-B812D8EC03D0}.AppStore|iPhoneSimulator.ActiveCfg = Release|Any CPU
		{29D843AC-8334-4F21-86E1-B812D8EC03D0}.AppStore|iPhoneSimulator.Build.0 = Release|Any CPU
		{29D843AC-8334-4F21-86E1-B812D8EC03D0}.AppStore|iPhoneSimulator.Deploy.0 = Release|Any CPU
		{29D843AC-8334-4F21-86E1-B812D8EC03D0}.AppStore|x64.ActiveCfg = Debug|Any CPU
		{29D843AC-8334-4F21-86E1-B812D8EC03D0}.AppStore|x64.Build.0 = Debug|Any CPU
		{29D843AC-8334-4F21-86E1-B812D8EC03D0}.AppStore|x64.Deploy.0 = Debug|Any CPU
		{29D843AC-8334-4F21-86E1-B812D8EC03D0}.AppStore|x86.ActiveCfg = Debug|Any CPU
		{29D843AC-8334-4F21-86E1-B812D8EC03D0}.AppStore|x86.Build.0 = Debug|Any CPU
		{29D843AC-8334-4F21-86E1-B812D8EC03D0}.AppStore|x86.Deploy.0 = Debug|Any CPU
		{29D843AC-8334-4F21-86E1-B812D8EC03D0}.Debug|Any CPU.ActiveCfg = Debug|Any CPU
		{29D843AC-8334-4F21-86E1-B812D8EC03D0}.Debug|Any CPU.Build.0 = Debug|Any CPU
		{29D843AC-8334-4F21-86E1-B812D8EC03D0}.Debug|Any CPU.Deploy.0 = Debug|Any CPU
		{29D843AC-8334-4F21-86E1-B812D8EC03D0}.Debug|ARM.ActiveCfg = Debug|Any CPU
		{29D843AC-8334-4F21-86E1-B812D8EC03D0}.Debug|ARM.Build.0 = Debug|Any CPU
		{29D843AC-8334-4F21-86E1-B812D8EC03D0}.Debug|ARM.Deploy.0 = Debug|Any CPU
		{29D843AC-8334-4F21-86E1-B812D8EC03D0}.Debug|ARM64.ActiveCfg = Debug|Any CPU
		{29D843AC-8334-4F21-86E1-B812D8EC03D0}.Debug|ARM64.Build.0 = Debug|Any CPU
		{29D843AC-8334-4F21-86E1-B812D8EC03D0}.Debug|ARM64.Deploy.0 = Debug|Any CPU
		{29D843AC-8334-4F21-86E1-B812D8EC03D0}.Debug|iPhone.ActiveCfg = Debug|Any CPU
		{29D843AC-8334-4F21-86E1-B812D8EC03D0}.Debug|iPhone.Build.0 = Debug|Any CPU
		{29D843AC-8334-4F21-86E1-B812D8EC03D0}.Debug|iPhone.Deploy.0 = Debug|Any CPU
		{29D843AC-8334-4F21-86E1-B812D8EC03D0}.Debug|iPhoneSimulator.ActiveCfg = Debug|Any CPU
		{29D843AC-8334-4F21-86E1-B812D8EC03D0}.Debug|iPhoneSimulator.Build.0 = Debug|Any CPU
		{29D843AC-8334-4F21-86E1-B812D8EC03D0}.Debug|iPhoneSimulator.Deploy.0 = Debug|Any CPU
		{29D843AC-8334-4F21-86E1-B812D8EC03D0}.Debug|x64.ActiveCfg = Debug|Any CPU
		{29D843AC-8334-4F21-86E1-B812D8EC03D0}.Debug|x64.Build.0 = Debug|Any CPU
		{29D843AC-8334-4F21-86E1-B812D8EC03D0}.Debug|x64.Deploy.0 = Debug|Any CPU
		{29D843AC-8334-4F21-86E1-B812D8EC03D0}.Debug|x86.ActiveCfg = Debug|Any CPU
		{29D843AC-8334-4F21-86E1-B812D8EC03D0}.Debug|x86.Build.0 = Debug|Any CPU
		{29D843AC-8334-4F21-86E1-B812D8EC03D0}.Debug|x86.Deploy.0 = Debug|Any CPU
		{29D843AC-8334-4F21-86E1-B812D8EC03D0}.DebugOldLayout|Any CPU.ActiveCfg = Debug|Any CPU
		{29D843AC-8334-4F21-86E1-B812D8EC03D0}.DebugOldLayout|Any CPU.Build.0 = Debug|Any CPU
		{29D843AC-8334-4F21-86E1-B812D8EC03D0}.DebugOldLayout|Any CPU.Deploy.0 = Debug|Any CPU
		{29D843AC-8334-4F21-86E1-B812D8EC03D0}.DebugOldLayout|ARM.ActiveCfg = Debug|Any CPU
		{29D843AC-8334-4F21-86E1-B812D8EC03D0}.DebugOldLayout|ARM.Build.0 = Debug|Any CPU
		{29D843AC-8334-4F21-86E1-B812D8EC03D0}.DebugOldLayout|ARM.Deploy.0 = Debug|Any CPU
		{29D843AC-8334-4F21-86E1-B812D8EC03D0}.DebugOldLayout|ARM64.ActiveCfg = Debug|Any CPU
		{29D843AC-8334-4F21-86E1-B812D8EC03D0}.DebugOldLayout|ARM64.Build.0 = Debug|Any CPU
		{29D843AC-8334-4F21-86E1-B812D8EC03D0}.DebugOldLayout|ARM64.Deploy.0 = Debug|Any CPU
		{29D843AC-8334-4F21-86E1-B812D8EC03D0}.DebugOldLayout|iPhone.ActiveCfg = Debug|Any CPU
		{29D843AC-8334-4F21-86E1-B812D8EC03D0}.DebugOldLayout|iPhoneSimulator.ActiveCfg = Debug|Any CPU
		{29D843AC-8334-4F21-86E1-B812D8EC03D0}.DebugOldLayout|x64.ActiveCfg = Debug|Any CPU
		{29D843AC-8334-4F21-86E1-B812D8EC03D0}.DebugOldLayout|x64.Build.0 = Debug|Any CPU
		{29D843AC-8334-4F21-86E1-B812D8EC03D0}.DebugOldLayout|x64.Deploy.0 = Debug|Any CPU
		{29D843AC-8334-4F21-86E1-B812D8EC03D0}.DebugOldLayout|x86.ActiveCfg = Debug|Any CPU
		{29D843AC-8334-4F21-86E1-B812D8EC03D0}.DebugOldLayout|x86.Build.0 = Debug|Any CPU
		{29D843AC-8334-4F21-86E1-B812D8EC03D0}.DebugOldLayout|x86.Deploy.0 = Debug|Any CPU
		{29D843AC-8334-4F21-86E1-B812D8EC03D0}.Release|Any CPU.ActiveCfg = Release|Any CPU
		{29D843AC-8334-4F21-86E1-B812D8EC03D0}.Release|Any CPU.Build.0 = Release|Any CPU
		{29D843AC-8334-4F21-86E1-B812D8EC03D0}.Release|Any CPU.Deploy.0 = Release|Any CPU
		{29D843AC-8334-4F21-86E1-B812D8EC03D0}.Release|ARM.ActiveCfg = Release|Any CPU
		{29D843AC-8334-4F21-86E1-B812D8EC03D0}.Release|ARM.Build.0 = Release|Any CPU
		{29D843AC-8334-4F21-86E1-B812D8EC03D0}.Release|ARM.Deploy.0 = Release|Any CPU
		{29D843AC-8334-4F21-86E1-B812D8EC03D0}.Release|ARM64.ActiveCfg = Release|Any CPU
		{29D843AC-8334-4F21-86E1-B812D8EC03D0}.Release|ARM64.Build.0 = Release|Any CPU
		{29D843AC-8334-4F21-86E1-B812D8EC03D0}.Release|ARM64.Deploy.0 = Release|Any CPU
		{29D843AC-8334-4F21-86E1-B812D8EC03D0}.Release|iPhone.ActiveCfg = Release|Any CPU
		{29D843AC-8334-4F21-86E1-B812D8EC03D0}.Release|iPhone.Build.0 = Release|Any CPU
		{29D843AC-8334-4F21-86E1-B812D8EC03D0}.Release|iPhone.Deploy.0 = Release|Any CPU
		{29D843AC-8334-4F21-86E1-B812D8EC03D0}.Release|iPhoneSimulator.ActiveCfg = Release|Any CPU
		{29D843AC-8334-4F21-86E1-B812D8EC03D0}.Release|iPhoneSimulator.Build.0 = Release|Any CPU
		{29D843AC-8334-4F21-86E1-B812D8EC03D0}.Release|iPhoneSimulator.Deploy.0 = Release|Any CPU
		{29D843AC-8334-4F21-86E1-B812D8EC03D0}.Release|x64.ActiveCfg = Release|Any CPU
		{29D843AC-8334-4F21-86E1-B812D8EC03D0}.Release|x64.Build.0 = Release|Any CPU
		{29D843AC-8334-4F21-86E1-B812D8EC03D0}.Release|x64.Deploy.0 = Release|Any CPU
		{29D843AC-8334-4F21-86E1-B812D8EC03D0}.Release|x86.ActiveCfg = Release|Any CPU
		{29D843AC-8334-4F21-86E1-B812D8EC03D0}.Release|x86.Build.0 = Release|Any CPU
		{29D843AC-8334-4F21-86E1-B812D8EC03D0}.Release|x86.Deploy.0 = Release|Any CPU
		{29D843AC-8334-4F21-86E1-B812D8EC03D0}.ReleaseAndroid9.0|Any CPU.ActiveCfg = Release|Any CPU
		{29D843AC-8334-4F21-86E1-B812D8EC03D0}.ReleaseAndroid9.0|Any CPU.Build.0 = Release|Any CPU
		{29D843AC-8334-4F21-86E1-B812D8EC03D0}.ReleaseAndroid9.0|Any CPU.Deploy.0 = Release|Any CPU
		{29D843AC-8334-4F21-86E1-B812D8EC03D0}.ReleaseAndroid9.0|ARM.ActiveCfg = Release|Any CPU
		{29D843AC-8334-4F21-86E1-B812D8EC03D0}.ReleaseAndroid9.0|ARM.Build.0 = Release|Any CPU
		{29D843AC-8334-4F21-86E1-B812D8EC03D0}.ReleaseAndroid9.0|ARM.Deploy.0 = Release|Any CPU
		{29D843AC-8334-4F21-86E1-B812D8EC03D0}.ReleaseAndroid9.0|ARM64.ActiveCfg = Release|Any CPU
		{29D843AC-8334-4F21-86E1-B812D8EC03D0}.ReleaseAndroid9.0|ARM64.Build.0 = Release|Any CPU
		{29D843AC-8334-4F21-86E1-B812D8EC03D0}.ReleaseAndroid9.0|ARM64.Deploy.0 = Release|Any CPU
		{29D843AC-8334-4F21-86E1-B812D8EC03D0}.ReleaseAndroid9.0|iPhone.ActiveCfg = Release|Any CPU
		{29D843AC-8334-4F21-86E1-B812D8EC03D0}.ReleaseAndroid9.0|iPhone.Build.0 = Release|Any CPU
		{29D843AC-8334-4F21-86E1-B812D8EC03D0}.ReleaseAndroid9.0|iPhone.Deploy.0 = Release|Any CPU
		{29D843AC-8334-4F21-86E1-B812D8EC03D0}.ReleaseAndroid9.0|iPhoneSimulator.ActiveCfg = Release|Any CPU
		{29D843AC-8334-4F21-86E1-B812D8EC03D0}.ReleaseAndroid9.0|iPhoneSimulator.Build.0 = Release|Any CPU
		{29D843AC-8334-4F21-86E1-B812D8EC03D0}.ReleaseAndroid9.0|iPhoneSimulator.Deploy.0 = Release|Any CPU
		{29D843AC-8334-4F21-86E1-B812D8EC03D0}.ReleaseAndroid9.0|x64.ActiveCfg = Release|Any CPU
		{29D843AC-8334-4F21-86E1-B812D8EC03D0}.ReleaseAndroid9.0|x64.Build.0 = Release|Any CPU
		{29D843AC-8334-4F21-86E1-B812D8EC03D0}.ReleaseAndroid9.0|x64.Deploy.0 = Release|Any CPU
		{29D843AC-8334-4F21-86E1-B812D8EC03D0}.ReleaseAndroid9.0|x86.ActiveCfg = Release|Any CPU
		{29D843AC-8334-4F21-86E1-B812D8EC03D0}.ReleaseAndroid9.0|x86.Build.0 = Release|Any CPU
		{29D843AC-8334-4F21-86E1-B812D8EC03D0}.ReleaseAndroid9.0|x86.Deploy.0 = Release|Any CPU
		{A6B2F126-4DDF-46A6-BF7B-C28C3C832FB4}.Ad-Hoc|Any CPU.ActiveCfg = Ad-Hoc|iPhone
		{A6B2F126-4DDF-46A6-BF7B-C28C3C832FB4}.Ad-Hoc|ARM.ActiveCfg = Ad-Hoc|iPhoneSimulator
		{A6B2F126-4DDF-46A6-BF7B-C28C3C832FB4}.Ad-Hoc|ARM64.ActiveCfg = Ad-Hoc|iPhoneSimulator
		{A6B2F126-4DDF-46A6-BF7B-C28C3C832FB4}.Ad-Hoc|iPhone.ActiveCfg = Ad-Hoc|iPhone
		{A6B2F126-4DDF-46A6-BF7B-C28C3C832FB4}.Ad-Hoc|iPhone.Build.0 = Ad-Hoc|iPhone
		{A6B2F126-4DDF-46A6-BF7B-C28C3C832FB4}.Ad-Hoc|iPhoneSimulator.ActiveCfg = Ad-Hoc|iPhoneSimulator
		{A6B2F126-4DDF-46A6-BF7B-C28C3C832FB4}.Ad-Hoc|iPhoneSimulator.Build.0 = Ad-Hoc|iPhoneSimulator
		{A6B2F126-4DDF-46A6-BF7B-C28C3C832FB4}.Ad-Hoc|x64.ActiveCfg = Ad-Hoc|iPhoneSimulator
		{A6B2F126-4DDF-46A6-BF7B-C28C3C832FB4}.Ad-Hoc|x86.ActiveCfg = Ad-Hoc|iPhoneSimulator
		{A6B2F126-4DDF-46A6-BF7B-C28C3C832FB4}.AppStore|Any CPU.ActiveCfg = AppStore|iPhone
		{A6B2F126-4DDF-46A6-BF7B-C28C3C832FB4}.AppStore|ARM.ActiveCfg = AppStore|iPhoneSimulator
		{A6B2F126-4DDF-46A6-BF7B-C28C3C832FB4}.AppStore|ARM64.ActiveCfg = AppStore|iPhoneSimulator
		{A6B2F126-4DDF-46A6-BF7B-C28C3C832FB4}.AppStore|iPhone.ActiveCfg = AppStore|iPhone
		{A6B2F126-4DDF-46A6-BF7B-C28C3C832FB4}.AppStore|iPhone.Build.0 = AppStore|iPhone
		{A6B2F126-4DDF-46A6-BF7B-C28C3C832FB4}.AppStore|iPhoneSimulator.ActiveCfg = AppStore|iPhoneSimulator
		{A6B2F126-4DDF-46A6-BF7B-C28C3C832FB4}.AppStore|iPhoneSimulator.Build.0 = AppStore|iPhoneSimulator
		{A6B2F126-4DDF-46A6-BF7B-C28C3C832FB4}.AppStore|x64.ActiveCfg = AppStore|iPhoneSimulator
		{A6B2F126-4DDF-46A6-BF7B-C28C3C832FB4}.AppStore|x86.ActiveCfg = AppStore|iPhoneSimulator
		{A6B2F126-4DDF-46A6-BF7B-C28C3C832FB4}.Debug|Any CPU.ActiveCfg = Debug|iPhoneSimulator
		{A6B2F126-4DDF-46A6-BF7B-C28C3C832FB4}.Debug|Any CPU.Build.0 = Debug|iPhoneSimulator
		{A6B2F126-4DDF-46A6-BF7B-C28C3C832FB4}.Debug|ARM.ActiveCfg = Release|iPhoneSimulator
		{A6B2F126-4DDF-46A6-BF7B-C28C3C832FB4}.Debug|ARM.Build.0 = Release|iPhoneSimulator
		{A6B2F126-4DDF-46A6-BF7B-C28C3C832FB4}.Debug|ARM64.ActiveCfg = Release|iPhoneSimulator
		{A6B2F126-4DDF-46A6-BF7B-C28C3C832FB4}.Debug|ARM64.Build.0 = Release|iPhoneSimulator
		{A6B2F126-4DDF-46A6-BF7B-C28C3C832FB4}.Debug|iPhone.ActiveCfg = Debug|iPhone
		{A6B2F126-4DDF-46A6-BF7B-C28C3C832FB4}.Debug|iPhone.Build.0 = Debug|iPhone
		{A6B2F126-4DDF-46A6-BF7B-C28C3C832FB4}.Debug|iPhoneSimulator.ActiveCfg = Debug|iPhoneSimulator
		{A6B2F126-4DDF-46A6-BF7B-C28C3C832FB4}.Debug|iPhoneSimulator.Build.0 = Debug|iPhoneSimulator
		{A6B2F126-4DDF-46A6-BF7B-C28C3C832FB4}.Debug|x64.ActiveCfg = Release|iPhoneSimulator
		{A6B2F126-4DDF-46A6-BF7B-C28C3C832FB4}.Debug|x64.Build.0 = Release|iPhoneSimulator
		{A6B2F126-4DDF-46A6-BF7B-C28C3C832FB4}.Debug|x86.ActiveCfg = Release|iPhoneSimulator
		{A6B2F126-4DDF-46A6-BF7B-C28C3C832FB4}.Debug|x86.Build.0 = Release|iPhoneSimulator
		{A6B2F126-4DDF-46A6-BF7B-C28C3C832FB4}.DebugOldLayout|Any CPU.ActiveCfg = Debug|iPhone
		{A6B2F126-4DDF-46A6-BF7B-C28C3C832FB4}.DebugOldLayout|ARM.ActiveCfg = Debug|iPhoneSimulator
		{A6B2F126-4DDF-46A6-BF7B-C28C3C832FB4}.DebugOldLayout|ARM64.ActiveCfg = Debug|iPhoneSimulator
		{A6B2F126-4DDF-46A6-BF7B-C28C3C832FB4}.DebugOldLayout|iPhone.ActiveCfg = Debug|iPhone
		{A6B2F126-4DDF-46A6-BF7B-C28C3C832FB4}.DebugOldLayout|iPhone.Build.0 = Debug|iPhone
		{A6B2F126-4DDF-46A6-BF7B-C28C3C832FB4}.DebugOldLayout|iPhoneSimulator.ActiveCfg = Debug|iPhoneSimulator
		{A6B2F126-4DDF-46A6-BF7B-C28C3C832FB4}.DebugOldLayout|iPhoneSimulator.Build.0 = Debug|iPhoneSimulator
		{A6B2F126-4DDF-46A6-BF7B-C28C3C832FB4}.DebugOldLayout|x64.ActiveCfg = Debug|iPhoneSimulator
		{A6B2F126-4DDF-46A6-BF7B-C28C3C832FB4}.DebugOldLayout|x86.ActiveCfg = Debug|iPhoneSimulator
		{A6B2F126-4DDF-46A6-BF7B-C28C3C832FB4}.Release|Any CPU.ActiveCfg = Release|iPhone
		{A6B2F126-4DDF-46A6-BF7B-C28C3C832FB4}.Release|ARM.ActiveCfg = Release|iPhoneSimulator
		{A6B2F126-4DDF-46A6-BF7B-C28C3C832FB4}.Release|ARM64.ActiveCfg = Release|iPhoneSimulator
		{A6B2F126-4DDF-46A6-BF7B-C28C3C832FB4}.Release|iPhone.ActiveCfg = Release|iPhone
		{A6B2F126-4DDF-46A6-BF7B-C28C3C832FB4}.Release|iPhone.Build.0 = Release|iPhone
		{A6B2F126-4DDF-46A6-BF7B-C28C3C832FB4}.Release|iPhoneSimulator.ActiveCfg = Release|iPhoneSimulator
		{A6B2F126-4DDF-46A6-BF7B-C28C3C832FB4}.Release|iPhoneSimulator.Build.0 = Release|iPhoneSimulator
		{A6B2F126-4DDF-46A6-BF7B-C28C3C832FB4}.Release|x64.ActiveCfg = Release|iPhoneSimulator
		{A6B2F126-4DDF-46A6-BF7B-C28C3C832FB4}.Release|x86.ActiveCfg = Release|iPhoneSimulator
		{A6B2F126-4DDF-46A6-BF7B-C28C3C832FB4}.ReleaseAndroid9.0|Any CPU.ActiveCfg = Release|iPhone
		{A6B2F126-4DDF-46A6-BF7B-C28C3C832FB4}.ReleaseAndroid9.0|ARM.ActiveCfg = Release|iPhoneSimulator
		{A6B2F126-4DDF-46A6-BF7B-C28C3C832FB4}.ReleaseAndroid9.0|ARM64.ActiveCfg = Release|iPhoneSimulator
		{A6B2F126-4DDF-46A6-BF7B-C28C3C832FB4}.ReleaseAndroid9.0|iPhone.ActiveCfg = Release|iPhone
		{A6B2F126-4DDF-46A6-BF7B-C28C3C832FB4}.ReleaseAndroid9.0|iPhone.Build.0 = Release|iPhone
		{A6B2F126-4DDF-46A6-BF7B-C28C3C832FB4}.ReleaseAndroid9.0|iPhoneSimulator.ActiveCfg = Release|iPhoneSimulator
		{A6B2F126-4DDF-46A6-BF7B-C28C3C832FB4}.ReleaseAndroid9.0|iPhoneSimulator.Build.0 = Release|iPhoneSimulator
		{A6B2F126-4DDF-46A6-BF7B-C28C3C832FB4}.ReleaseAndroid9.0|x64.ActiveCfg = Release|iPhoneSimulator
		{A6B2F126-4DDF-46A6-BF7B-C28C3C832FB4}.ReleaseAndroid9.0|x86.ActiveCfg = Release|iPhoneSimulator
		{BEF61BA6-2881-478D-8E49-C7FBC89A0069}.Ad-Hoc|Any CPU.ActiveCfg = Debug|Any CPU
		{BEF61BA6-2881-478D-8E49-C7FBC89A0069}.Ad-Hoc|Any CPU.Build.0 = Debug|Any CPU
		{BEF61BA6-2881-478D-8E49-C7FBC89A0069}.Ad-Hoc|ARM.ActiveCfg = Release|Any CPU
		{BEF61BA6-2881-478D-8E49-C7FBC89A0069}.Ad-Hoc|ARM.Build.0 = Release|Any CPU
		{BEF61BA6-2881-478D-8E49-C7FBC89A0069}.Ad-Hoc|ARM64.ActiveCfg = Release|Any CPU
		{BEF61BA6-2881-478D-8E49-C7FBC89A0069}.Ad-Hoc|ARM64.Build.0 = Release|Any CPU
		{BEF61BA6-2881-478D-8E49-C7FBC89A0069}.Ad-Hoc|iPhone.ActiveCfg = Debug|Any CPU
		{BEF61BA6-2881-478D-8E49-C7FBC89A0069}.Ad-Hoc|iPhone.Build.0 = Debug|Any CPU
		{BEF61BA6-2881-478D-8E49-C7FBC89A0069}.Ad-Hoc|iPhoneSimulator.ActiveCfg = Debug|Any CPU
		{BEF61BA6-2881-478D-8E49-C7FBC89A0069}.Ad-Hoc|iPhoneSimulator.Build.0 = Debug|Any CPU
		{BEF61BA6-2881-478D-8E49-C7FBC89A0069}.Ad-Hoc|x64.ActiveCfg = Release|Any CPU
		{BEF61BA6-2881-478D-8E49-C7FBC89A0069}.Ad-Hoc|x64.Build.0 = Release|Any CPU
		{BEF61BA6-2881-478D-8E49-C7FBC89A0069}.Ad-Hoc|x86.ActiveCfg = Release|Any CPU
		{BEF61BA6-2881-478D-8E49-C7FBC89A0069}.Ad-Hoc|x86.Build.0 = Release|Any CPU
		{BEF61BA6-2881-478D-8E49-C7FBC89A0069}.AppStore|Any CPU.ActiveCfg = Debug|Any CPU
		{BEF61BA6-2881-478D-8E49-C7FBC89A0069}.AppStore|Any CPU.Build.0 = Debug|Any CPU
		{BEF61BA6-2881-478D-8E49-C7FBC89A0069}.AppStore|ARM.ActiveCfg = Release|Any CPU
		{BEF61BA6-2881-478D-8E49-C7FBC89A0069}.AppStore|ARM.Build.0 = Release|Any CPU
		{BEF61BA6-2881-478D-8E49-C7FBC89A0069}.AppStore|ARM64.ActiveCfg = Release|Any CPU
		{BEF61BA6-2881-478D-8E49-C7FBC89A0069}.AppStore|ARM64.Build.0 = Release|Any CPU
		{BEF61BA6-2881-478D-8E49-C7FBC89A0069}.AppStore|iPhone.ActiveCfg = Debug|Any CPU
		{BEF61BA6-2881-478D-8E49-C7FBC89A0069}.AppStore|iPhone.Build.0 = Debug|Any CPU
		{BEF61BA6-2881-478D-8E49-C7FBC89A0069}.AppStore|iPhoneSimulator.ActiveCfg = Debug|Any CPU
		{BEF61BA6-2881-478D-8E49-C7FBC89A0069}.AppStore|iPhoneSimulator.Build.0 = Debug|Any CPU
		{BEF61BA6-2881-478D-8E49-C7FBC89A0069}.AppStore|x64.ActiveCfg = Release|Any CPU
		{BEF61BA6-2881-478D-8E49-C7FBC89A0069}.AppStore|x64.Build.0 = Release|Any CPU
		{BEF61BA6-2881-478D-8E49-C7FBC89A0069}.AppStore|x86.ActiveCfg = Release|Any CPU
		{BEF61BA6-2881-478D-8E49-C7FBC89A0069}.AppStore|x86.Build.0 = Release|Any CPU
		{BEF61BA6-2881-478D-8E49-C7FBC89A0069}.Debug|Any CPU.ActiveCfg = Debug|Any CPU
		{BEF61BA6-2881-478D-8E49-C7FBC89A0069}.Debug|Any CPU.Build.0 = Debug|Any CPU
		{BEF61BA6-2881-478D-8E49-C7FBC89A0069}.Debug|ARM.ActiveCfg = Debug|Any CPU
		{BEF61BA6-2881-478D-8E49-C7FBC89A0069}.Debug|ARM.Build.0 = Debug|Any CPU
		{BEF61BA6-2881-478D-8E49-C7FBC89A0069}.Debug|ARM64.ActiveCfg = Debug|Any CPU
		{BEF61BA6-2881-478D-8E49-C7FBC89A0069}.Debug|ARM64.Build.0 = Debug|Any CPU
		{BEF61BA6-2881-478D-8E49-C7FBC89A0069}.Debug|iPhone.ActiveCfg = Debug|Any CPU
		{BEF61BA6-2881-478D-8E49-C7FBC89A0069}.Debug|iPhone.Build.0 = Debug|Any CPU
		{BEF61BA6-2881-478D-8E49-C7FBC89A0069}.Debug|iPhoneSimulator.ActiveCfg = Debug|Any CPU
		{BEF61BA6-2881-478D-8E49-C7FBC89A0069}.Debug|iPhoneSimulator.Build.0 = Debug|Any CPU
		{BEF61BA6-2881-478D-8E49-C7FBC89A0069}.Debug|x64.ActiveCfg = Debug|Any CPU
		{BEF61BA6-2881-478D-8E49-C7FBC89A0069}.Debug|x64.Build.0 = Debug|Any CPU
		{BEF61BA6-2881-478D-8E49-C7FBC89A0069}.Debug|x86.ActiveCfg = Debug|Any CPU
		{BEF61BA6-2881-478D-8E49-C7FBC89A0069}.Debug|x86.Build.0 = Debug|Any CPU
		{BEF61BA6-2881-478D-8E49-C7FBC89A0069}.DebugOldLayout|Any CPU.ActiveCfg = Debug|Any CPU
		{BEF61BA6-2881-478D-8E49-C7FBC89A0069}.DebugOldLayout|Any CPU.Build.0 = Debug|Any CPU
		{BEF61BA6-2881-478D-8E49-C7FBC89A0069}.DebugOldLayout|ARM.ActiveCfg = Debug|Any CPU
		{BEF61BA6-2881-478D-8E49-C7FBC89A0069}.DebugOldLayout|ARM.Build.0 = Debug|Any CPU
		{BEF61BA6-2881-478D-8E49-C7FBC89A0069}.DebugOldLayout|ARM64.ActiveCfg = Debug|Any CPU
		{BEF61BA6-2881-478D-8E49-C7FBC89A0069}.DebugOldLayout|ARM64.Build.0 = Debug|Any CPU
		{BEF61BA6-2881-478D-8E49-C7FBC89A0069}.DebugOldLayout|iPhone.ActiveCfg = Debug|Any CPU
		{BEF61BA6-2881-478D-8E49-C7FBC89A0069}.DebugOldLayout|iPhone.Build.0 = Debug|Any CPU
		{BEF61BA6-2881-478D-8E49-C7FBC89A0069}.DebugOldLayout|iPhoneSimulator.ActiveCfg = Debug|Any CPU
		{BEF61BA6-2881-478D-8E49-C7FBC89A0069}.DebugOldLayout|iPhoneSimulator.Build.0 = Debug|Any CPU
		{BEF61BA6-2881-478D-8E49-C7FBC89A0069}.DebugOldLayout|x64.ActiveCfg = Debug|Any CPU
		{BEF61BA6-2881-478D-8E49-C7FBC89A0069}.DebugOldLayout|x64.Build.0 = Debug|Any CPU
		{BEF61BA6-2881-478D-8E49-C7FBC89A0069}.DebugOldLayout|x86.ActiveCfg = Debug|Any CPU
		{BEF61BA6-2881-478D-8E49-C7FBC89A0069}.DebugOldLayout|x86.Build.0 = Debug|Any CPU
		{BEF61BA6-2881-478D-8E49-C7FBC89A0069}.Release|Any CPU.ActiveCfg = Release|Any CPU
		{BEF61BA6-2881-478D-8E49-C7FBC89A0069}.Release|Any CPU.Build.0 = Release|Any CPU
		{BEF61BA6-2881-478D-8E49-C7FBC89A0069}.Release|ARM.ActiveCfg = Release|Any CPU
		{BEF61BA6-2881-478D-8E49-C7FBC89A0069}.Release|ARM.Build.0 = Release|Any CPU
		{BEF61BA6-2881-478D-8E49-C7FBC89A0069}.Release|ARM64.ActiveCfg = Release|Any CPU
		{BEF61BA6-2881-478D-8E49-C7FBC89A0069}.Release|ARM64.Build.0 = Release|Any CPU
		{BEF61BA6-2881-478D-8E49-C7FBC89A0069}.Release|iPhone.ActiveCfg = Release|Any CPU
		{BEF61BA6-2881-478D-8E49-C7FBC89A0069}.Release|iPhone.Build.0 = Release|Any CPU
		{BEF61BA6-2881-478D-8E49-C7FBC89A0069}.Release|iPhoneSimulator.ActiveCfg = Release|Any CPU
		{BEF61BA6-2881-478D-8E49-C7FBC89A0069}.Release|iPhoneSimulator.Build.0 = Release|Any CPU
		{BEF61BA6-2881-478D-8E49-C7FBC89A0069}.Release|x64.ActiveCfg = Release|Any CPU
		{BEF61BA6-2881-478D-8E49-C7FBC89A0069}.Release|x64.Build.0 = Release|Any CPU
		{BEF61BA6-2881-478D-8E49-C7FBC89A0069}.Release|x86.ActiveCfg = Release|Any CPU
		{BEF61BA6-2881-478D-8E49-C7FBC89A0069}.Release|x86.Build.0 = Release|Any CPU
		{BEF61BA6-2881-478D-8E49-C7FBC89A0069}.ReleaseAndroid9.0|Any CPU.ActiveCfg = Release|Any CPU
		{BEF61BA6-2881-478D-8E49-C7FBC89A0069}.ReleaseAndroid9.0|Any CPU.Build.0 = Release|Any CPU
		{BEF61BA6-2881-478D-8E49-C7FBC89A0069}.ReleaseAndroid9.0|ARM.ActiveCfg = Release|Any CPU
		{BEF61BA6-2881-478D-8E49-C7FBC89A0069}.ReleaseAndroid9.0|ARM.Build.0 = Release|Any CPU
		{BEF61BA6-2881-478D-8E49-C7FBC89A0069}.ReleaseAndroid9.0|ARM64.ActiveCfg = Release|Any CPU
		{BEF61BA6-2881-478D-8E49-C7FBC89A0069}.ReleaseAndroid9.0|ARM64.Build.0 = Release|Any CPU
		{BEF61BA6-2881-478D-8E49-C7FBC89A0069}.ReleaseAndroid9.0|iPhone.ActiveCfg = Release|Any CPU
		{BEF61BA6-2881-478D-8E49-C7FBC89A0069}.ReleaseAndroid9.0|iPhone.Build.0 = Release|Any CPU
		{BEF61BA6-2881-478D-8E49-C7FBC89A0069}.ReleaseAndroid9.0|iPhoneSimulator.ActiveCfg = Release|Any CPU
		{BEF61BA6-2881-478D-8E49-C7FBC89A0069}.ReleaseAndroid9.0|iPhoneSimulator.Build.0 = Release|Any CPU
		{BEF61BA6-2881-478D-8E49-C7FBC89A0069}.ReleaseAndroid9.0|x64.ActiveCfg = Release|Any CPU
		{BEF61BA6-2881-478D-8E49-C7FBC89A0069}.ReleaseAndroid9.0|x64.Build.0 = Release|Any CPU
		{BEF61BA6-2881-478D-8E49-C7FBC89A0069}.ReleaseAndroid9.0|x86.ActiveCfg = Release|Any CPU
		{BEF61BA6-2881-478D-8E49-C7FBC89A0069}.ReleaseAndroid9.0|x86.Build.0 = Release|Any CPU
		{5C880A51-9E8A-42A9-9FA5-10BC7D3E9FFC}.Ad-Hoc|Any CPU.ActiveCfg = Release|Any CPU
		{5C880A51-9E8A-42A9-9FA5-10BC7D3E9FFC}.Ad-Hoc|Any CPU.Build.0 = Release|Any CPU
		{5C880A51-9E8A-42A9-9FA5-10BC7D3E9FFC}.Ad-Hoc|ARM.ActiveCfg = Debug|Any CPU
		{5C880A51-9E8A-42A9-9FA5-10BC7D3E9FFC}.Ad-Hoc|ARM.Build.0 = Debug|Any CPU
		{5C880A51-9E8A-42A9-9FA5-10BC7D3E9FFC}.Ad-Hoc|ARM64.ActiveCfg = Debug|Any CPU
		{5C880A51-9E8A-42A9-9FA5-10BC7D3E9FFC}.Ad-Hoc|ARM64.Build.0 = Debug|Any CPU
		{5C880A51-9E8A-42A9-9FA5-10BC7D3E9FFC}.Ad-Hoc|iPhone.ActiveCfg = Release|Any CPU
		{5C880A51-9E8A-42A9-9FA5-10BC7D3E9FFC}.Ad-Hoc|iPhone.Build.0 = Release|Any CPU
		{5C880A51-9E8A-42A9-9FA5-10BC7D3E9FFC}.Ad-Hoc|iPhoneSimulator.ActiveCfg = Release|Any CPU
		{5C880A51-9E8A-42A9-9FA5-10BC7D3E9FFC}.Ad-Hoc|iPhoneSimulator.Build.0 = Release|Any CPU
		{5C880A51-9E8A-42A9-9FA5-10BC7D3E9FFC}.Ad-Hoc|x64.ActiveCfg = Debug|Any CPU
		{5C880A51-9E8A-42A9-9FA5-10BC7D3E9FFC}.Ad-Hoc|x64.Build.0 = Debug|Any CPU
		{5C880A51-9E8A-42A9-9FA5-10BC7D3E9FFC}.Ad-Hoc|x86.ActiveCfg = Debug|Any CPU
		{5C880A51-9E8A-42A9-9FA5-10BC7D3E9FFC}.Ad-Hoc|x86.Build.0 = Debug|Any CPU
		{5C880A51-9E8A-42A9-9FA5-10BC7D3E9FFC}.AppStore|Any CPU.ActiveCfg = Release|Any CPU
		{5C880A51-9E8A-42A9-9FA5-10BC7D3E9FFC}.AppStore|Any CPU.Build.0 = Release|Any CPU
		{5C880A51-9E8A-42A9-9FA5-10BC7D3E9FFC}.AppStore|ARM.ActiveCfg = Debug|Any CPU
		{5C880A51-9E8A-42A9-9FA5-10BC7D3E9FFC}.AppStore|ARM.Build.0 = Debug|Any CPU
		{5C880A51-9E8A-42A9-9FA5-10BC7D3E9FFC}.AppStore|ARM64.ActiveCfg = Debug|Any CPU
		{5C880A51-9E8A-42A9-9FA5-10BC7D3E9FFC}.AppStore|ARM64.Build.0 = Debug|Any CPU
		{5C880A51-9E8A-42A9-9FA5-10BC7D3E9FFC}.AppStore|iPhone.ActiveCfg = Release|Any CPU
		{5C880A51-9E8A-42A9-9FA5-10BC7D3E9FFC}.AppStore|iPhone.Build.0 = Release|Any CPU
		{5C880A51-9E8A-42A9-9FA5-10BC7D3E9FFC}.AppStore|iPhoneSimulator.ActiveCfg = Release|Any CPU
		{5C880A51-9E8A-42A9-9FA5-10BC7D3E9FFC}.AppStore|iPhoneSimulator.Build.0 = Release|Any CPU
		{5C880A51-9E8A-42A9-9FA5-10BC7D3E9FFC}.AppStore|x64.ActiveCfg = Debug|Any CPU
		{5C880A51-9E8A-42A9-9FA5-10BC7D3E9FFC}.AppStore|x64.Build.0 = Debug|Any CPU
		{5C880A51-9E8A-42A9-9FA5-10BC7D3E9FFC}.AppStore|x86.ActiveCfg = Debug|Any CPU
		{5C880A51-9E8A-42A9-9FA5-10BC7D3E9FFC}.AppStore|x86.Build.0 = Debug|Any CPU
		{5C880A51-9E8A-42A9-9FA5-10BC7D3E9FFC}.Debug|Any CPU.ActiveCfg = Debug|Any CPU
		{5C880A51-9E8A-42A9-9FA5-10BC7D3E9FFC}.Debug|Any CPU.Build.0 = Debug|Any CPU
		{5C880A51-9E8A-42A9-9FA5-10BC7D3E9FFC}.Debug|ARM.ActiveCfg = Debug|Any CPU
		{5C880A51-9E8A-42A9-9FA5-10BC7D3E9FFC}.Debug|ARM.Build.0 = Debug|Any CPU
		{5C880A51-9E8A-42A9-9FA5-10BC7D3E9FFC}.Debug|ARM64.ActiveCfg = Debug|Any CPU
		{5C880A51-9E8A-42A9-9FA5-10BC7D3E9FFC}.Debug|ARM64.Build.0 = Debug|Any CPU
		{5C880A51-9E8A-42A9-9FA5-10BC7D3E9FFC}.Debug|iPhone.ActiveCfg = Debug|Any CPU
		{5C880A51-9E8A-42A9-9FA5-10BC7D3E9FFC}.Debug|iPhone.Build.0 = Debug|Any CPU
		{5C880A51-9E8A-42A9-9FA5-10BC7D3E9FFC}.Debug|iPhoneSimulator.ActiveCfg = Debug|Any CPU
		{5C880A51-9E8A-42A9-9FA5-10BC7D3E9FFC}.Debug|iPhoneSimulator.Build.0 = Debug|Any CPU
		{5C880A51-9E8A-42A9-9FA5-10BC7D3E9FFC}.Debug|x64.ActiveCfg = Debug|Any CPU
		{5C880A51-9E8A-42A9-9FA5-10BC7D3E9FFC}.Debug|x64.Build.0 = Debug|Any CPU
		{5C880A51-9E8A-42A9-9FA5-10BC7D3E9FFC}.Debug|x86.ActiveCfg = Debug|Any CPU
		{5C880A51-9E8A-42A9-9FA5-10BC7D3E9FFC}.Debug|x86.Build.0 = Debug|Any CPU
		{5C880A51-9E8A-42A9-9FA5-10BC7D3E9FFC}.DebugOldLayout|Any CPU.ActiveCfg = Debug|Any CPU
		{5C880A51-9E8A-42A9-9FA5-10BC7D3E9FFC}.DebugOldLayout|Any CPU.Build.0 = Debug|Any CPU
		{5C880A51-9E8A-42A9-9FA5-10BC7D3E9FFC}.DebugOldLayout|ARM.ActiveCfg = Debug|Any CPU
		{5C880A51-9E8A-42A9-9FA5-10BC7D3E9FFC}.DebugOldLayout|ARM.Build.0 = Debug|Any CPU
		{5C880A51-9E8A-42A9-9FA5-10BC7D3E9FFC}.DebugOldLayout|ARM64.ActiveCfg = Debug|Any CPU
		{5C880A51-9E8A-42A9-9FA5-10BC7D3E9FFC}.DebugOldLayout|ARM64.Build.0 = Debug|Any CPU
		{5C880A51-9E8A-42A9-9FA5-10BC7D3E9FFC}.DebugOldLayout|iPhone.ActiveCfg = Debug|Any CPU
		{5C880A51-9E8A-42A9-9FA5-10BC7D3E9FFC}.DebugOldLayout|iPhoneSimulator.ActiveCfg = Debug|Any CPU
		{5C880A51-9E8A-42A9-9FA5-10BC7D3E9FFC}.DebugOldLayout|x64.ActiveCfg = Debug|Any CPU
		{5C880A51-9E8A-42A9-9FA5-10BC7D3E9FFC}.DebugOldLayout|x64.Build.0 = Debug|Any CPU
		{5C880A51-9E8A-42A9-9FA5-10BC7D3E9FFC}.DebugOldLayout|x86.ActiveCfg = Debug|Any CPU
		{5C880A51-9E8A-42A9-9FA5-10BC7D3E9FFC}.DebugOldLayout|x86.Build.0 = Debug|Any CPU
		{5C880A51-9E8A-42A9-9FA5-10BC7D3E9FFC}.Release|Any CPU.ActiveCfg = Release|Any CPU
		{5C880A51-9E8A-42A9-9FA5-10BC7D3E9FFC}.Release|Any CPU.Build.0 = Release|Any CPU
		{5C880A51-9E8A-42A9-9FA5-10BC7D3E9FFC}.Release|ARM.ActiveCfg = Release|Any CPU
		{5C880A51-9E8A-42A9-9FA5-10BC7D3E9FFC}.Release|ARM.Build.0 = Release|Any CPU
		{5C880A51-9E8A-42A9-9FA5-10BC7D3E9FFC}.Release|ARM64.ActiveCfg = Release|Any CPU
		{5C880A51-9E8A-42A9-9FA5-10BC7D3E9FFC}.Release|ARM64.Build.0 = Release|Any CPU
		{5C880A51-9E8A-42A9-9FA5-10BC7D3E9FFC}.Release|iPhone.ActiveCfg = Release|Any CPU
		{5C880A51-9E8A-42A9-9FA5-10BC7D3E9FFC}.Release|iPhone.Build.0 = Release|Any CPU
		{5C880A51-9E8A-42A9-9FA5-10BC7D3E9FFC}.Release|iPhoneSimulator.ActiveCfg = Release|Any CPU
		{5C880A51-9E8A-42A9-9FA5-10BC7D3E9FFC}.Release|iPhoneSimulator.Build.0 = Release|Any CPU
		{5C880A51-9E8A-42A9-9FA5-10BC7D3E9FFC}.Release|x64.ActiveCfg = Release|Any CPU
		{5C880A51-9E8A-42A9-9FA5-10BC7D3E9FFC}.Release|x64.Build.0 = Release|Any CPU
		{5C880A51-9E8A-42A9-9FA5-10BC7D3E9FFC}.Release|x86.ActiveCfg = Release|Any CPU
		{5C880A51-9E8A-42A9-9FA5-10BC7D3E9FFC}.Release|x86.Build.0 = Release|Any CPU
		{5C880A51-9E8A-42A9-9FA5-10BC7D3E9FFC}.ReleaseAndroid9.0|Any CPU.ActiveCfg = ReleaseAndroid9.0|Any CPU
		{5C880A51-9E8A-42A9-9FA5-10BC7D3E9FFC}.ReleaseAndroid9.0|Any CPU.Build.0 = ReleaseAndroid9.0|Any CPU
		{5C880A51-9E8A-42A9-9FA5-10BC7D3E9FFC}.ReleaseAndroid9.0|ARM.ActiveCfg = Release|Any CPU
		{5C880A51-9E8A-42A9-9FA5-10BC7D3E9FFC}.ReleaseAndroid9.0|ARM.Build.0 = Release|Any CPU
		{5C880A51-9E8A-42A9-9FA5-10BC7D3E9FFC}.ReleaseAndroid9.0|ARM64.ActiveCfg = Release|Any CPU
		{5C880A51-9E8A-42A9-9FA5-10BC7D3E9FFC}.ReleaseAndroid9.0|ARM64.Build.0 = Release|Any CPU
		{5C880A51-9E8A-42A9-9FA5-10BC7D3E9FFC}.ReleaseAndroid9.0|iPhone.ActiveCfg = Release|Any CPU
		{5C880A51-9E8A-42A9-9FA5-10BC7D3E9FFC}.ReleaseAndroid9.0|iPhone.Build.0 = Release|Any CPU
		{5C880A51-9E8A-42A9-9FA5-10BC7D3E9FFC}.ReleaseAndroid9.0|iPhoneSimulator.ActiveCfg = Release|Any CPU
		{5C880A51-9E8A-42A9-9FA5-10BC7D3E9FFC}.ReleaseAndroid9.0|iPhoneSimulator.Build.0 = Release|Any CPU
		{5C880A51-9E8A-42A9-9FA5-10BC7D3E9FFC}.ReleaseAndroid9.0|x64.ActiveCfg = Release|Any CPU
		{5C880A51-9E8A-42A9-9FA5-10BC7D3E9FFC}.ReleaseAndroid9.0|x64.Build.0 = Release|Any CPU
		{5C880A51-9E8A-42A9-9FA5-10BC7D3E9FFC}.ReleaseAndroid9.0|x86.ActiveCfg = Release|Any CPU
		{5C880A51-9E8A-42A9-9FA5-10BC7D3E9FFC}.ReleaseAndroid9.0|x86.Build.0 = Release|Any CPU
		{E71F3053-056C-4381-9638-048ED73BDFF6}.Ad-Hoc|Any CPU.ActiveCfg = Release|Any CPU
		{E71F3053-056C-4381-9638-048ED73BDFF6}.Ad-Hoc|Any CPU.Build.0 = Release|Any CPU
		{E71F3053-056C-4381-9638-048ED73BDFF6}.Ad-Hoc|ARM.ActiveCfg = Debug|Any CPU
		{E71F3053-056C-4381-9638-048ED73BDFF6}.Ad-Hoc|ARM.Build.0 = Debug|Any CPU
		{E71F3053-056C-4381-9638-048ED73BDFF6}.Ad-Hoc|ARM64.ActiveCfg = Debug|Any CPU
		{E71F3053-056C-4381-9638-048ED73BDFF6}.Ad-Hoc|ARM64.Build.0 = Debug|Any CPU
		{E71F3053-056C-4381-9638-048ED73BDFF6}.Ad-Hoc|iPhone.ActiveCfg = Release|Any CPU
		{E71F3053-056C-4381-9638-048ED73BDFF6}.Ad-Hoc|iPhone.Build.0 = Release|Any CPU
		{E71F3053-056C-4381-9638-048ED73BDFF6}.Ad-Hoc|iPhoneSimulator.ActiveCfg = Release|Any CPU
		{E71F3053-056C-4381-9638-048ED73BDFF6}.Ad-Hoc|iPhoneSimulator.Build.0 = Release|Any CPU
		{E71F3053-056C-4381-9638-048ED73BDFF6}.Ad-Hoc|x64.ActiveCfg = Debug|Any CPU
		{E71F3053-056C-4381-9638-048ED73BDFF6}.Ad-Hoc|x64.Build.0 = Debug|Any CPU
		{E71F3053-056C-4381-9638-048ED73BDFF6}.Ad-Hoc|x86.ActiveCfg = Debug|Any CPU
		{E71F3053-056C-4381-9638-048ED73BDFF6}.Ad-Hoc|x86.Build.0 = Debug|Any CPU
		{E71F3053-056C-4381-9638-048ED73BDFF6}.AppStore|Any CPU.ActiveCfg = Release|Any CPU
		{E71F3053-056C-4381-9638-048ED73BDFF6}.AppStore|Any CPU.Build.0 = Release|Any CPU
		{E71F3053-056C-4381-9638-048ED73BDFF6}.AppStore|ARM.ActiveCfg = Debug|Any CPU
		{E71F3053-056C-4381-9638-048ED73BDFF6}.AppStore|ARM.Build.0 = Debug|Any CPU
		{E71F3053-056C-4381-9638-048ED73BDFF6}.AppStore|ARM64.ActiveCfg = Debug|Any CPU
		{E71F3053-056C-4381-9638-048ED73BDFF6}.AppStore|ARM64.Build.0 = Debug|Any CPU
		{E71F3053-056C-4381-9638-048ED73BDFF6}.AppStore|iPhone.ActiveCfg = Release|Any CPU
		{E71F3053-056C-4381-9638-048ED73BDFF6}.AppStore|iPhone.Build.0 = Release|Any CPU
		{E71F3053-056C-4381-9638-048ED73BDFF6}.AppStore|iPhoneSimulator.ActiveCfg = Release|Any CPU
		{E71F3053-056C-4381-9638-048ED73BDFF6}.AppStore|iPhoneSimulator.Build.0 = Release|Any CPU
		{E71F3053-056C-4381-9638-048ED73BDFF6}.AppStore|x64.ActiveCfg = Debug|Any CPU
		{E71F3053-056C-4381-9638-048ED73BDFF6}.AppStore|x64.Build.0 = Debug|Any CPU
		{E71F3053-056C-4381-9638-048ED73BDFF6}.AppStore|x86.ActiveCfg = Debug|Any CPU
		{E71F3053-056C-4381-9638-048ED73BDFF6}.AppStore|x86.Build.0 = Debug|Any CPU
		{E71F3053-056C-4381-9638-048ED73BDFF6}.Debug|Any CPU.ActiveCfg = Debug|Any CPU
		{E71F3053-056C-4381-9638-048ED73BDFF6}.Debug|Any CPU.Build.0 = Debug|Any CPU
		{E71F3053-056C-4381-9638-048ED73BDFF6}.Debug|ARM.ActiveCfg = Debug|Any CPU
		{E71F3053-056C-4381-9638-048ED73BDFF6}.Debug|ARM.Build.0 = Debug|Any CPU
		{E71F3053-056C-4381-9638-048ED73BDFF6}.Debug|ARM64.ActiveCfg = Debug|Any CPU
		{E71F3053-056C-4381-9638-048ED73BDFF6}.Debug|ARM64.Build.0 = Debug|Any CPU
		{E71F3053-056C-4381-9638-048ED73BDFF6}.Debug|iPhone.ActiveCfg = Debug|Any CPU
		{E71F3053-056C-4381-9638-048ED73BDFF6}.Debug|iPhone.Build.0 = Debug|Any CPU
		{E71F3053-056C-4381-9638-048ED73BDFF6}.Debug|iPhoneSimulator.ActiveCfg = Debug|Any CPU
		{E71F3053-056C-4381-9638-048ED73BDFF6}.Debug|iPhoneSimulator.Build.0 = Debug|Any CPU
		{E71F3053-056C-4381-9638-048ED73BDFF6}.Debug|x64.ActiveCfg = Debug|Any CPU
		{E71F3053-056C-4381-9638-048ED73BDFF6}.Debug|x64.Build.0 = Debug|Any CPU
		{E71F3053-056C-4381-9638-048ED73BDFF6}.Debug|x86.ActiveCfg = Debug|Any CPU
		{E71F3053-056C-4381-9638-048ED73BDFF6}.Debug|x86.Build.0 = Debug|Any CPU
		{E71F3053-056C-4381-9638-048ED73BDFF6}.DebugOldLayout|Any CPU.ActiveCfg = Debug|Any CPU
		{E71F3053-056C-4381-9638-048ED73BDFF6}.DebugOldLayout|Any CPU.Build.0 = Debug|Any CPU
		{E71F3053-056C-4381-9638-048ED73BDFF6}.DebugOldLayout|ARM.ActiveCfg = Debug|Any CPU
		{E71F3053-056C-4381-9638-048ED73BDFF6}.DebugOldLayout|ARM.Build.0 = Debug|Any CPU
		{E71F3053-056C-4381-9638-048ED73BDFF6}.DebugOldLayout|ARM64.ActiveCfg = Debug|Any CPU
		{E71F3053-056C-4381-9638-048ED73BDFF6}.DebugOldLayout|ARM64.Build.0 = Debug|Any CPU
		{E71F3053-056C-4381-9638-048ED73BDFF6}.DebugOldLayout|iPhone.ActiveCfg = Debug|Any CPU
		{E71F3053-056C-4381-9638-048ED73BDFF6}.DebugOldLayout|iPhone.Build.0 = Debug|Any CPU
		{E71F3053-056C-4381-9638-048ED73BDFF6}.DebugOldLayout|iPhoneSimulator.ActiveCfg = Debug|Any CPU
		{E71F3053-056C-4381-9638-048ED73BDFF6}.DebugOldLayout|iPhoneSimulator.Build.0 = Debug|Any CPU
		{E71F3053-056C-4381-9638-048ED73BDFF6}.DebugOldLayout|x64.ActiveCfg = Debug|Any CPU
		{E71F3053-056C-4381-9638-048ED73BDFF6}.DebugOldLayout|x64.Build.0 = Debug|Any CPU
		{E71F3053-056C-4381-9638-048ED73BDFF6}.DebugOldLayout|x86.ActiveCfg = Debug|Any CPU
		{E71F3053-056C-4381-9638-048ED73BDFF6}.DebugOldLayout|x86.Build.0 = Debug|Any CPU
		{E71F3053-056C-4381-9638-048ED73BDFF6}.Release|Any CPU.ActiveCfg = Release|Any CPU
		{E71F3053-056C-4381-9638-048ED73BDFF6}.Release|Any CPU.Build.0 = Release|Any CPU
		{E71F3053-056C-4381-9638-048ED73BDFF6}.Release|ARM.ActiveCfg = Release|Any CPU
		{E71F3053-056C-4381-9638-048ED73BDFF6}.Release|ARM.Build.0 = Release|Any CPU
		{E71F3053-056C-4381-9638-048ED73BDFF6}.Release|ARM64.ActiveCfg = Release|Any CPU
		{E71F3053-056C-4381-9638-048ED73BDFF6}.Release|ARM64.Build.0 = Release|Any CPU
		{E71F3053-056C-4381-9638-048ED73BDFF6}.Release|iPhone.ActiveCfg = Release|Any CPU
		{E71F3053-056C-4381-9638-048ED73BDFF6}.Release|iPhone.Build.0 = Release|Any CPU
		{E71F3053-056C-4381-9638-048ED73BDFF6}.Release|iPhoneSimulator.ActiveCfg = Release|Any CPU
		{E71F3053-056C-4381-9638-048ED73BDFF6}.Release|iPhoneSimulator.Build.0 = Release|Any CPU
		{E71F3053-056C-4381-9638-048ED73BDFF6}.Release|x64.ActiveCfg = Release|Any CPU
		{E71F3053-056C-4381-9638-048ED73BDFF6}.Release|x64.Build.0 = Release|Any CPU
		{E71F3053-056C-4381-9638-048ED73BDFF6}.Release|x86.ActiveCfg = Release|Any CPU
		{E71F3053-056C-4381-9638-048ED73BDFF6}.Release|x86.Build.0 = Release|Any CPU
		{E71F3053-056C-4381-9638-048ED73BDFF6}.ReleaseAndroid9.0|Any CPU.ActiveCfg = Release|Any CPU
		{E71F3053-056C-4381-9638-048ED73BDFF6}.ReleaseAndroid9.0|Any CPU.Build.0 = Release|Any CPU
		{E71F3053-056C-4381-9638-048ED73BDFF6}.ReleaseAndroid9.0|ARM.ActiveCfg = Release|Any CPU
		{E71F3053-056C-4381-9638-048ED73BDFF6}.ReleaseAndroid9.0|ARM.Build.0 = Release|Any CPU
		{E71F3053-056C-4381-9638-048ED73BDFF6}.ReleaseAndroid9.0|ARM64.ActiveCfg = Release|Any CPU
		{E71F3053-056C-4381-9638-048ED73BDFF6}.ReleaseAndroid9.0|ARM64.Build.0 = Release|Any CPU
		{E71F3053-056C-4381-9638-048ED73BDFF6}.ReleaseAndroid9.0|iPhone.ActiveCfg = Release|Any CPU
		{E71F3053-056C-4381-9638-048ED73BDFF6}.ReleaseAndroid9.0|iPhone.Build.0 = Release|Any CPU
		{E71F3053-056C-4381-9638-048ED73BDFF6}.ReleaseAndroid9.0|iPhoneSimulator.ActiveCfg = Release|Any CPU
		{E71F3053-056C-4381-9638-048ED73BDFF6}.ReleaseAndroid9.0|iPhoneSimulator.Build.0 = Release|Any CPU
		{E71F3053-056C-4381-9638-048ED73BDFF6}.ReleaseAndroid9.0|x64.ActiveCfg = Release|Any CPU
		{E71F3053-056C-4381-9638-048ED73BDFF6}.ReleaseAndroid9.0|x64.Build.0 = Release|Any CPU
		{E71F3053-056C-4381-9638-048ED73BDFF6}.ReleaseAndroid9.0|x86.ActiveCfg = Release|Any CPU
		{E71F3053-056C-4381-9638-048ED73BDFF6}.ReleaseAndroid9.0|x86.Build.0 = Release|Any CPU
		{CA98E435-09D1-4358-BFAA-77265143095E}.Ad-Hoc|Any CPU.ActiveCfg = Debug|Any CPU
		{CA98E435-09D1-4358-BFAA-77265143095E}.Ad-Hoc|Any CPU.Build.0 = Debug|Any CPU
		{CA98E435-09D1-4358-BFAA-77265143095E}.Ad-Hoc|ARM.ActiveCfg = Release|Any CPU
		{CA98E435-09D1-4358-BFAA-77265143095E}.Ad-Hoc|ARM.Build.0 = Release|Any CPU
		{CA98E435-09D1-4358-BFAA-77265143095E}.Ad-Hoc|ARM64.ActiveCfg = Release|Any CPU
		{CA98E435-09D1-4358-BFAA-77265143095E}.Ad-Hoc|ARM64.Build.0 = Release|Any CPU
		{CA98E435-09D1-4358-BFAA-77265143095E}.Ad-Hoc|iPhone.ActiveCfg = Debug|Any CPU
		{CA98E435-09D1-4358-BFAA-77265143095E}.Ad-Hoc|iPhone.Build.0 = Debug|Any CPU
		{CA98E435-09D1-4358-BFAA-77265143095E}.Ad-Hoc|iPhoneSimulator.ActiveCfg = Debug|Any CPU
		{CA98E435-09D1-4358-BFAA-77265143095E}.Ad-Hoc|iPhoneSimulator.Build.0 = Debug|Any CPU
		{CA98E435-09D1-4358-BFAA-77265143095E}.Ad-Hoc|x64.ActiveCfg = Release|Any CPU
		{CA98E435-09D1-4358-BFAA-77265143095E}.Ad-Hoc|x64.Build.0 = Release|Any CPU
		{CA98E435-09D1-4358-BFAA-77265143095E}.Ad-Hoc|x86.ActiveCfg = Release|Any CPU
		{CA98E435-09D1-4358-BFAA-77265143095E}.Ad-Hoc|x86.Build.0 = Release|Any CPU
		{CA98E435-09D1-4358-BFAA-77265143095E}.AppStore|Any CPU.ActiveCfg = Debug|Any CPU
		{CA98E435-09D1-4358-BFAA-77265143095E}.AppStore|Any CPU.Build.0 = Debug|Any CPU
		{CA98E435-09D1-4358-BFAA-77265143095E}.AppStore|ARM.ActiveCfg = Release|Any CPU
		{CA98E435-09D1-4358-BFAA-77265143095E}.AppStore|ARM.Build.0 = Release|Any CPU
		{CA98E435-09D1-4358-BFAA-77265143095E}.AppStore|ARM64.ActiveCfg = Release|Any CPU
		{CA98E435-09D1-4358-BFAA-77265143095E}.AppStore|ARM64.Build.0 = Release|Any CPU
		{CA98E435-09D1-4358-BFAA-77265143095E}.AppStore|iPhone.ActiveCfg = Debug|Any CPU
		{CA98E435-09D1-4358-BFAA-77265143095E}.AppStore|iPhone.Build.0 = Debug|Any CPU
		{CA98E435-09D1-4358-BFAA-77265143095E}.AppStore|iPhoneSimulator.ActiveCfg = Debug|Any CPU
		{CA98E435-09D1-4358-BFAA-77265143095E}.AppStore|iPhoneSimulator.Build.0 = Debug|Any CPU
		{CA98E435-09D1-4358-BFAA-77265143095E}.AppStore|x64.ActiveCfg = Release|Any CPU
		{CA98E435-09D1-4358-BFAA-77265143095E}.AppStore|x64.Build.0 = Release|Any CPU
		{CA98E435-09D1-4358-BFAA-77265143095E}.AppStore|x86.ActiveCfg = Release|Any CPU
		{CA98E435-09D1-4358-BFAA-77265143095E}.AppStore|x86.Build.0 = Release|Any CPU
		{CA98E435-09D1-4358-BFAA-77265143095E}.Debug|Any CPU.ActiveCfg = DebugInfinite|Any CPU
		{CA98E435-09D1-4358-BFAA-77265143095E}.Debug|Any CPU.Build.0 = DebugInfinite|Any CPU
		{CA98E435-09D1-4358-BFAA-77265143095E}.Debug|ARM.ActiveCfg = DebugInfinite|Any CPU
		{CA98E435-09D1-4358-BFAA-77265143095E}.Debug|ARM.Build.0 = DebugInfinite|Any CPU
		{CA98E435-09D1-4358-BFAA-77265143095E}.Debug|ARM64.ActiveCfg = DebugInfinite|Any CPU
		{CA98E435-09D1-4358-BFAA-77265143095E}.Debug|ARM64.Build.0 = DebugInfinite|Any CPU
		{CA98E435-09D1-4358-BFAA-77265143095E}.Debug|iPhone.ActiveCfg = DebugInfinite|Any CPU
		{CA98E435-09D1-4358-BFAA-77265143095E}.Debug|iPhone.Build.0 = DebugInfinite|Any CPU
		{CA98E435-09D1-4358-BFAA-77265143095E}.Debug|iPhoneSimulator.ActiveCfg = DebugInfinite|Any CPU
		{CA98E435-09D1-4358-BFAA-77265143095E}.Debug|iPhoneSimulator.Build.0 = DebugInfinite|Any CPU
		{CA98E435-09D1-4358-BFAA-77265143095E}.Debug|x64.ActiveCfg = DebugInfinite|Any CPU
		{CA98E435-09D1-4358-BFAA-77265143095E}.Debug|x64.Build.0 = DebugInfinite|Any CPU
		{CA98E435-09D1-4358-BFAA-77265143095E}.Debug|x86.ActiveCfg = DebugInfinite|Any CPU
		{CA98E435-09D1-4358-BFAA-77265143095E}.Debug|x86.Build.0 = DebugInfinite|Any CPU
		{CA98E435-09D1-4358-BFAA-77265143095E}.DebugOldLayout|Any CPU.ActiveCfg = Debug|Any CPU
		{CA98E435-09D1-4358-BFAA-77265143095E}.DebugOldLayout|Any CPU.Build.0 = Debug|Any CPU
		{CA98E435-09D1-4358-BFAA-77265143095E}.DebugOldLayout|ARM.ActiveCfg = Debug|Any CPU
		{CA98E435-09D1-4358-BFAA-77265143095E}.DebugOldLayout|ARM.Build.0 = Debug|Any CPU
		{CA98E435-09D1-4358-BFAA-77265143095E}.DebugOldLayout|ARM64.ActiveCfg = Debug|Any CPU
		{CA98E435-09D1-4358-BFAA-77265143095E}.DebugOldLayout|ARM64.Build.0 = Debug|Any CPU
		{CA98E435-09D1-4358-BFAA-77265143095E}.DebugOldLayout|iPhone.ActiveCfg = Debug|Any CPU
		{CA98E435-09D1-4358-BFAA-77265143095E}.DebugOldLayout|iPhone.Build.0 = Debug|Any CPU
		{CA98E435-09D1-4358-BFAA-77265143095E}.DebugOldLayout|iPhoneSimulator.ActiveCfg = Debug|Any CPU
		{CA98E435-09D1-4358-BFAA-77265143095E}.DebugOldLayout|iPhoneSimulator.Build.0 = Debug|Any CPU
		{CA98E435-09D1-4358-BFAA-77265143095E}.DebugOldLayout|x64.ActiveCfg = Debug|Any CPU
		{CA98E435-09D1-4358-BFAA-77265143095E}.DebugOldLayout|x64.Build.0 = Debug|Any CPU
		{CA98E435-09D1-4358-BFAA-77265143095E}.DebugOldLayout|x86.ActiveCfg = Debug|Any CPU
		{CA98E435-09D1-4358-BFAA-77265143095E}.DebugOldLayout|x86.Build.0 = Debug|Any CPU
		{CA98E435-09D1-4358-BFAA-77265143095E}.Release|Any CPU.ActiveCfg = Release|Any CPU
		{CA98E435-09D1-4358-BFAA-77265143095E}.Release|Any CPU.Build.0 = Release|Any CPU
		{CA98E435-09D1-4358-BFAA-77265143095E}.Release|ARM.ActiveCfg = Release|Any CPU
		{CA98E435-09D1-4358-BFAA-77265143095E}.Release|ARM.Build.0 = Release|Any CPU
		{CA98E435-09D1-4358-BFAA-77265143095E}.Release|ARM64.ActiveCfg = Release|Any CPU
		{CA98E435-09D1-4358-BFAA-77265143095E}.Release|ARM64.Build.0 = Release|Any CPU
		{CA98E435-09D1-4358-BFAA-77265143095E}.Release|iPhone.ActiveCfg = Release|Any CPU
		{CA98E435-09D1-4358-BFAA-77265143095E}.Release|iPhone.Build.0 = Release|Any CPU
		{CA98E435-09D1-4358-BFAA-77265143095E}.Release|iPhoneSimulator.ActiveCfg = Release|Any CPU
		{CA98E435-09D1-4358-BFAA-77265143095E}.Release|iPhoneSimulator.Build.0 = Release|Any CPU
		{CA98E435-09D1-4358-BFAA-77265143095E}.Release|x64.ActiveCfg = Release|Any CPU
		{CA98E435-09D1-4358-BFAA-77265143095E}.Release|x64.Build.0 = Release|Any CPU
		{CA98E435-09D1-4358-BFAA-77265143095E}.Release|x86.ActiveCfg = Release|Any CPU
		{CA98E435-09D1-4358-BFAA-77265143095E}.Release|x86.Build.0 = Release|Any CPU
		{CA98E435-09D1-4358-BFAA-77265143095E}.ReleaseAndroid9.0|Any CPU.ActiveCfg = Release|Any CPU
		{CA98E435-09D1-4358-BFAA-77265143095E}.ReleaseAndroid9.0|Any CPU.Build.0 = Release|Any CPU
		{CA98E435-09D1-4358-BFAA-77265143095E}.ReleaseAndroid9.0|ARM.ActiveCfg = Release|Any CPU
		{CA98E435-09D1-4358-BFAA-77265143095E}.ReleaseAndroid9.0|ARM.Build.0 = Release|Any CPU
		{CA98E435-09D1-4358-BFAA-77265143095E}.ReleaseAndroid9.0|ARM64.ActiveCfg = Release|Any CPU
		{CA98E435-09D1-4358-BFAA-77265143095E}.ReleaseAndroid9.0|ARM64.Build.0 = Release|Any CPU
		{CA98E435-09D1-4358-BFAA-77265143095E}.ReleaseAndroid9.0|iPhone.ActiveCfg = Release|Any CPU
		{CA98E435-09D1-4358-BFAA-77265143095E}.ReleaseAndroid9.0|iPhone.Build.0 = Release|Any CPU
		{CA98E435-09D1-4358-BFAA-77265143095E}.ReleaseAndroid9.0|iPhoneSimulator.ActiveCfg = Release|Any CPU
		{CA98E435-09D1-4358-BFAA-77265143095E}.ReleaseAndroid9.0|iPhoneSimulator.Build.0 = Release|Any CPU
		{CA98E435-09D1-4358-BFAA-77265143095E}.ReleaseAndroid9.0|x64.ActiveCfg = Release|Any CPU
		{CA98E435-09D1-4358-BFAA-77265143095E}.ReleaseAndroid9.0|x64.Build.0 = Release|Any CPU
		{CA98E435-09D1-4358-BFAA-77265143095E}.ReleaseAndroid9.0|x86.ActiveCfg = Release|Any CPU
		{CA98E435-09D1-4358-BFAA-77265143095E}.ReleaseAndroid9.0|x86.Build.0 = Release|Any CPU
		{10F8230A-3646-4601-B346-97CF3D146766}.Ad-Hoc|Any CPU.ActiveCfg = Release|x64
		{10F8230A-3646-4601-B346-97CF3D146766}.Ad-Hoc|Any CPU.Build.0 = Release|x64
		{10F8230A-3646-4601-B346-97CF3D146766}.Ad-Hoc|Any CPU.Deploy.0 = Release|x64
		{10F8230A-3646-4601-B346-97CF3D146766}.Ad-Hoc|ARM.ActiveCfg = Release|ARM
		{10F8230A-3646-4601-B346-97CF3D146766}.Ad-Hoc|ARM.Build.0 = Release|ARM
		{10F8230A-3646-4601-B346-97CF3D146766}.Ad-Hoc|ARM.Deploy.0 = Release|ARM
		{10F8230A-3646-4601-B346-97CF3D146766}.Ad-Hoc|ARM64.ActiveCfg = Release|ARM64
		{10F8230A-3646-4601-B346-97CF3D146766}.Ad-Hoc|ARM64.Build.0 = Release|ARM64
		{10F8230A-3646-4601-B346-97CF3D146766}.Ad-Hoc|ARM64.Deploy.0 = Release|ARM64
		{10F8230A-3646-4601-B346-97CF3D146766}.Ad-Hoc|iPhone.ActiveCfg = Release|x64
		{10F8230A-3646-4601-B346-97CF3D146766}.Ad-Hoc|iPhone.Build.0 = Release|x64
		{10F8230A-3646-4601-B346-97CF3D146766}.Ad-Hoc|iPhone.Deploy.0 = Release|x64
		{10F8230A-3646-4601-B346-97CF3D146766}.Ad-Hoc|iPhoneSimulator.ActiveCfg = Release|x64
		{10F8230A-3646-4601-B346-97CF3D146766}.Ad-Hoc|iPhoneSimulator.Build.0 = Release|x64
		{10F8230A-3646-4601-B346-97CF3D146766}.Ad-Hoc|iPhoneSimulator.Deploy.0 = Release|x64
		{10F8230A-3646-4601-B346-97CF3D146766}.Ad-Hoc|x64.ActiveCfg = Release|x64
		{10F8230A-3646-4601-B346-97CF3D146766}.Ad-Hoc|x64.Build.0 = Release|x64
		{10F8230A-3646-4601-B346-97CF3D146766}.Ad-Hoc|x64.Deploy.0 = Release|x64
		{10F8230A-3646-4601-B346-97CF3D146766}.Ad-Hoc|x86.ActiveCfg = Release|x86
		{10F8230A-3646-4601-B346-97CF3D146766}.Ad-Hoc|x86.Build.0 = Release|x86
		{10F8230A-3646-4601-B346-97CF3D146766}.Ad-Hoc|x86.Deploy.0 = Release|x86
		{10F8230A-3646-4601-B346-97CF3D146766}.AppStore|Any CPU.ActiveCfg = Release|x64
		{10F8230A-3646-4601-B346-97CF3D146766}.AppStore|Any CPU.Build.0 = Release|x64
		{10F8230A-3646-4601-B346-97CF3D146766}.AppStore|Any CPU.Deploy.0 = Release|x64
		{10F8230A-3646-4601-B346-97CF3D146766}.AppStore|ARM.ActiveCfg = Release|ARM
		{10F8230A-3646-4601-B346-97CF3D146766}.AppStore|ARM.Build.0 = Release|ARM
		{10F8230A-3646-4601-B346-97CF3D146766}.AppStore|ARM.Deploy.0 = Release|ARM
		{10F8230A-3646-4601-B346-97CF3D146766}.AppStore|ARM64.ActiveCfg = Release|ARM64
		{10F8230A-3646-4601-B346-97CF3D146766}.AppStore|ARM64.Build.0 = Release|ARM64
		{10F8230A-3646-4601-B346-97CF3D146766}.AppStore|ARM64.Deploy.0 = Release|ARM64
		{10F8230A-3646-4601-B346-97CF3D146766}.AppStore|iPhone.ActiveCfg = Release|x64
		{10F8230A-3646-4601-B346-97CF3D146766}.AppStore|iPhone.Build.0 = Release|x64
		{10F8230A-3646-4601-B346-97CF3D146766}.AppStore|iPhone.Deploy.0 = Release|x64
		{10F8230A-3646-4601-B346-97CF3D146766}.AppStore|iPhoneSimulator.ActiveCfg = Release|x64
		{10F8230A-3646-4601-B346-97CF3D146766}.AppStore|iPhoneSimulator.Build.0 = Release|x64
		{10F8230A-3646-4601-B346-97CF3D146766}.AppStore|iPhoneSimulator.Deploy.0 = Release|x64
		{10F8230A-3646-4601-B346-97CF3D146766}.AppStore|x64.ActiveCfg = Release|x64
		{10F8230A-3646-4601-B346-97CF3D146766}.AppStore|x64.Build.0 = Release|x64
		{10F8230A-3646-4601-B346-97CF3D146766}.AppStore|x64.Deploy.0 = Release|x64
		{10F8230A-3646-4601-B346-97CF3D146766}.AppStore|x86.ActiveCfg = Release|x86
		{10F8230A-3646-4601-B346-97CF3D146766}.AppStore|x86.Build.0 = Release|x86
		{10F8230A-3646-4601-B346-97CF3D146766}.AppStore|x86.Deploy.0 = Release|x86
		{10F8230A-3646-4601-B346-97CF3D146766}.Debug|Any CPU.ActiveCfg = Release|x64
		{10F8230A-3646-4601-B346-97CF3D146766}.Debug|Any CPU.Build.0 = Release|x64
		{10F8230A-3646-4601-B346-97CF3D146766}.Debug|Any CPU.Deploy.0 = Release|x64
		{10F8230A-3646-4601-B346-97CF3D146766}.Debug|ARM.ActiveCfg = Debug|ARM
		{10F8230A-3646-4601-B346-97CF3D146766}.Debug|ARM.Build.0 = Debug|ARM
		{10F8230A-3646-4601-B346-97CF3D146766}.Debug|ARM.Deploy.0 = Debug|ARM
		{10F8230A-3646-4601-B346-97CF3D146766}.Debug|ARM64.ActiveCfg = Debug|ARM64
		{10F8230A-3646-4601-B346-97CF3D146766}.Debug|ARM64.Build.0 = Debug|ARM64
		{10F8230A-3646-4601-B346-97CF3D146766}.Debug|ARM64.Deploy.0 = Debug|ARM64
		{10F8230A-3646-4601-B346-97CF3D146766}.Debug|iPhone.ActiveCfg = Release|x64
		{10F8230A-3646-4601-B346-97CF3D146766}.Debug|iPhone.Build.0 = Release|x64
		{10F8230A-3646-4601-B346-97CF3D146766}.Debug|iPhone.Deploy.0 = Release|x64
		{10F8230A-3646-4601-B346-97CF3D146766}.Debug|iPhoneSimulator.ActiveCfg = Release|x64
		{10F8230A-3646-4601-B346-97CF3D146766}.Debug|iPhoneSimulator.Build.0 = Release|x64
		{10F8230A-3646-4601-B346-97CF3D146766}.Debug|iPhoneSimulator.Deploy.0 = Release|x64
		{10F8230A-3646-4601-B346-97CF3D146766}.Debug|x64.ActiveCfg = Debug|x64
		{10F8230A-3646-4601-B346-97CF3D146766}.Debug|x64.Build.0 = Debug|x64
		{10F8230A-3646-4601-B346-97CF3D146766}.Debug|x64.Deploy.0 = Debug|x64
		{10F8230A-3646-4601-B346-97CF3D146766}.Debug|x86.ActiveCfg = Debug|x86
		{10F8230A-3646-4601-B346-97CF3D146766}.Debug|x86.Build.0 = Debug|x86
		{10F8230A-3646-4601-B346-97CF3D146766}.Debug|x86.Deploy.0 = Debug|x86
		{10F8230A-3646-4601-B346-97CF3D146766}.DebugOldLayout|Any CPU.ActiveCfg = Debug|x86
		{10F8230A-3646-4601-B346-97CF3D146766}.DebugOldLayout|ARM.ActiveCfg = Debug|ARM
		{10F8230A-3646-4601-B346-97CF3D146766}.DebugOldLayout|ARM.Build.0 = Debug|ARM
		{10F8230A-3646-4601-B346-97CF3D146766}.DebugOldLayout|ARM.Deploy.0 = Debug|ARM
		{10F8230A-3646-4601-B346-97CF3D146766}.DebugOldLayout|ARM64.ActiveCfg = Debug|ARM64
		{10F8230A-3646-4601-B346-97CF3D146766}.DebugOldLayout|ARM64.Build.0 = Debug|ARM64
		{10F8230A-3646-4601-B346-97CF3D146766}.DebugOldLayout|ARM64.Deploy.0 = Debug|ARM64
		{10F8230A-3646-4601-B346-97CF3D146766}.DebugOldLayout|iPhone.ActiveCfg = Debug|x86
		{10F8230A-3646-4601-B346-97CF3D146766}.DebugOldLayout|iPhoneSimulator.ActiveCfg = Debug|x86
		{10F8230A-3646-4601-B346-97CF3D146766}.DebugOldLayout|x64.ActiveCfg = Debug|x64
		{10F8230A-3646-4601-B346-97CF3D146766}.DebugOldLayout|x64.Build.0 = Debug|x64
		{10F8230A-3646-4601-B346-97CF3D146766}.DebugOldLayout|x64.Deploy.0 = Debug|x64
		{10F8230A-3646-4601-B346-97CF3D146766}.DebugOldLayout|x86.ActiveCfg = Debug|x86
		{10F8230A-3646-4601-B346-97CF3D146766}.DebugOldLayout|x86.Build.0 = Debug|x86
		{10F8230A-3646-4601-B346-97CF3D146766}.DebugOldLayout|x86.Deploy.0 = Debug|x86
		{10F8230A-3646-4601-B346-97CF3D146766}.Release|Any CPU.ActiveCfg = Release|x86
		{10F8230A-3646-4601-B346-97CF3D146766}.Release|ARM.ActiveCfg = Release|ARM
		{10F8230A-3646-4601-B346-97CF3D146766}.Release|ARM.Build.0 = Release|ARM
		{10F8230A-3646-4601-B346-97CF3D146766}.Release|ARM.Deploy.0 = Release|ARM
		{10F8230A-3646-4601-B346-97CF3D146766}.Release|ARM64.ActiveCfg = Release|ARM64
		{10F8230A-3646-4601-B346-97CF3D146766}.Release|ARM64.Build.0 = Release|ARM64
		{10F8230A-3646-4601-B346-97CF3D146766}.Release|ARM64.Deploy.0 = Release|ARM64
		{10F8230A-3646-4601-B346-97CF3D146766}.Release|iPhone.ActiveCfg = Release|x86
		{10F8230A-3646-4601-B346-97CF3D146766}.Release|iPhoneSimulator.ActiveCfg = Release|x86
		{10F8230A-3646-4601-B346-97CF3D146766}.Release|x64.ActiveCfg = Release|x64
		{10F8230A-3646-4601-B346-97CF3D146766}.Release|x64.Build.0 = Release|x64
		{10F8230A-3646-4601-B346-97CF3D146766}.Release|x64.Deploy.0 = Release|x64
		{10F8230A-3646-4601-B346-97CF3D146766}.Release|x86.ActiveCfg = Release|x86
		{10F8230A-3646-4601-B346-97CF3D146766}.Release|x86.Build.0 = Release|x86
		{10F8230A-3646-4601-B346-97CF3D146766}.Release|x86.Deploy.0 = Release|x86
		{10F8230A-3646-4601-B346-97CF3D146766}.ReleaseAndroid9.0|Any CPU.ActiveCfg = Release|x86
		{10F8230A-3646-4601-B346-97CF3D146766}.ReleaseAndroid9.0|ARM.ActiveCfg = Release|ARM
		{10F8230A-3646-4601-B346-97CF3D146766}.ReleaseAndroid9.0|ARM.Build.0 = Release|ARM
		{10F8230A-3646-4601-B346-97CF3D146766}.ReleaseAndroid9.0|ARM.Deploy.0 = Release|ARM
		{10F8230A-3646-4601-B346-97CF3D146766}.ReleaseAndroid9.0|ARM64.ActiveCfg = Release|ARM64
		{10F8230A-3646-4601-B346-97CF3D146766}.ReleaseAndroid9.0|ARM64.Build.0 = Release|ARM64
		{10F8230A-3646-4601-B346-97CF3D146766}.ReleaseAndroid9.0|ARM64.Deploy.0 = Release|ARM64
		{10F8230A-3646-4601-B346-97CF3D146766}.ReleaseAndroid9.0|iPhone.ActiveCfg = Release|x86
		{10F8230A-3646-4601-B346-97CF3D146766}.ReleaseAndroid9.0|iPhoneSimulator.ActiveCfg = Release|x86
		{10F8230A-3646-4601-B346-97CF3D146766}.ReleaseAndroid9.0|x64.ActiveCfg = Release|x64
		{10F8230A-3646-4601-B346-97CF3D146766}.ReleaseAndroid9.0|x64.Build.0 = Release|x64
		{10F8230A-3646-4601-B346-97CF3D146766}.ReleaseAndroid9.0|x64.Deploy.0 = Release|x64
		{10F8230A-3646-4601-B346-97CF3D146766}.ReleaseAndroid9.0|x86.ActiveCfg = Release|x86
		{10F8230A-3646-4601-B346-97CF3D146766}.ReleaseAndroid9.0|x86.Build.0 = Release|x86
		{10F8230A-3646-4601-B346-97CF3D146766}.ReleaseAndroid9.0|x86.Deploy.0 = Release|x86
	EndGlobalSection
	GlobalSection(SolutionProperties) = preSolution
		HideSolutionNode = FALSE
	EndGlobalSection
	GlobalSection(NestedProjects) = preSolution
		{BEF61BA6-2881-478D-8E49-C7FBC89A0069} = {5C2ABC05-D72C-4BC8-8189-8B26E772B666}
		{5C880A51-9E8A-42A9-9FA5-10BC7D3E9FFC} = {5C2ABC05-D72C-4BC8-8189-8B26E772B666}
		{E71F3053-056C-4381-9638-048ED73BDFF6} = {5C2ABC05-D72C-4BC8-8189-8B26E772B666}
		{C4FBF1D4-87F0-4BA3-8D9E-AE8CBE13FFE5} = {5C2ABC05-D72C-4BC8-8189-8B26E772B666}
	EndGlobalSection
	GlobalSection(ExtensibilityGlobals) = postSolution
		SolutionGuid = {6C5BF1F5-C9B1-4755-A9D5-0CB86C6019E0}
	EndGlobalSection
EndGlobal
