
Microsoft Visual Studio Solution File, Format Version 12.00
# Visual Studio 15
VisualStudioVersion = 15.0.27703.2042
MinimumVisualStudioVersion = 10.0.40219.1
Project("{FAE04EC0-301F-11D3-BF4B-00C04F79EFBC}") = "SillyCompany.Mobile.Practices.Droid", "SillyCompany.Mobile.Practices.Droid\SillyCompany.Mobile.Practices.Droid.csproj", "{29D843AC-8334-4F21-86E1-B812D8EC03D0}"
EndProject
Project("{FAE04EC0-301F-11D3-BF4B-00C04F79EFBC}") = "SillyCompany.Mobile.Practices.iOS", "SillyCompany.Mobile.Practices.iOS\SillyCompany.Mobile.Practices.iOS.csproj", "{A6B2F126-4DDF-46A6-BF7B-C28C3C832FB4}"
EndProject
Project("{9A19103F-16F7-4668-BE54-9A1E7A4F7556}") = "Sharpnado.Infrastructure", "Sharpnado.Presentation.Forms\Sharpnado.Infrastructure\Sharpnado.Infrastructure.csproj", "{925BEE54-9AFC-423A-9CB4-91E4C3ECD2A8}"
EndProject
Project("{9A19103F-16F7-4668-BE54-9A1E7A4F7556}") = "Sharpnado.Presentation.Forms", "Sharpnado.Presentation.Forms\Sharpnado.Presentation.Forms\Sharpnado.Presentation.Forms.csproj", "{BEF61BA6-2881-478D-8E49-C7FBC89A0069}"
EndProject
Project("{2150E333-8FDC-42A3-9474-1A3956D46DE8}") = "Sharpnado", "Sharpnado", "{5C2ABC05-D72C-4BC8-8189-8B26E772B666}"
EndProject
Project("{FAE04EC0-301F-11D3-BF4B-00C04F79EFBC}") = "Sharpnado.Presentation.Forms.Droid", "Sharpnado.Presentation.Forms\Sharpnado.Presentation.Forms.Droid\Sharpnado.Presentation.Forms.Droid.csproj", "{5C880A51-9E8A-42A9-9FA5-10BC7D3E9FFC}"
EndProject
Project("{FAE04EC0-301F-11D3-BF4B-00C04F79EFBC}") = "Sharpnado.Presentation.Forms.iOS", "Sharpnado.Presentation.Forms\Sharpnado.Presentation.Forms.iOS\Sharpnado.Presentation.Forms.iOS.csproj", "{E71F3053-056C-4381-9638-048ED73BDFF6}"
EndProject
Project("{2150E333-8FDC-42A3-9474-1A3956D46DE8}") = "Stylecop", "Stylecop", "{4794A4DF-033E-4209-A9E4-C027F31F2504}"
	ProjectSection(SolutionItems) = preProject
		Sharpnado.Presentation.Forms\Sharpnado.Infrastructure\StyleCopRules.ruleset = Sharpnado.Presentation.Forms\Sharpnado.Infrastructure\StyleCopRules.ruleset
	EndProjectSection
EndProject
Project("{9A19103F-16F7-4668-BE54-9A1E7A4F7556}") = "SillyCompany.Mobile.Practices", "SillyCompany.Mobile.Practices\SillyCompany.Mobile.Practices.csproj", "{CA98E435-09D1-4358-BFAA-77265143095E}"
EndProject
Global
	GlobalSection(SolutionConfigurationPlatforms) = preSolution
		Ad-Hoc|Any CPU = Ad-Hoc|Any CPU
		Ad-Hoc|iPhone = Ad-Hoc|iPhone
		Ad-Hoc|iPhoneSimulator = Ad-Hoc|iPhoneSimulator
		AppStore|Any CPU = AppStore|Any CPU
		AppStore|iPhone = AppStore|iPhone
		AppStore|iPhoneSimulator = AppStore|iPhoneSimulator
		Debug|Any CPU = Debug|Any CPU
		Debug|iPhone = Debug|iPhone
		Debug|iPhoneSimulator = Debug|iPhoneSimulator
		DebugInfinite|Any CPU = DebugInfinite|Any CPU
		DebugInfinite|iPhone = DebugInfinite|iPhone
		DebugInfinite|iPhoneSimulator = DebugInfinite|iPhoneSimulator
		Release|Any CPU = Release|Any CPU
		Release|iPhone = Release|iPhone
		Release|iPhoneSimulator = Release|iPhoneSimulator
	EndGlobalSection
	GlobalSection(ProjectConfigurationPlatforms) = postSolution
		{29D843AC-8334-4F21-86E1-B812D8EC03D0}.Ad-Hoc|Any CPU.ActiveCfg = Release|Any CPU
		{29D843AC-8334-4F21-86E1-B812D8EC03D0}.Ad-Hoc|Any CPU.Build.0 = Release|Any CPU
		{29D843AC-8334-4F21-86E1-B812D8EC03D0}.Ad-Hoc|Any CPU.Deploy.0 = Release|Any CPU
		{29D843AC-8334-4F21-86E1-B812D8EC03D0}.Ad-Hoc|iPhone.ActiveCfg = Release|Any CPU
		{29D843AC-8334-4F21-86E1-B812D8EC03D0}.Ad-Hoc|iPhone.Build.0 = Release|Any CPU
		{29D843AC-8334-4F21-86E1-B812D8EC03D0}.Ad-Hoc|iPhone.Deploy.0 = Release|Any CPU
		{29D843AC-8334-4F21-86E1-B812D8EC03D0}.Ad-Hoc|iPhoneSimulator.ActiveCfg = Release|Any CPU
		{29D843AC-8334-4F21-86E1-B812D8EC03D0}.Ad-Hoc|iPhoneSimulator.Build.0 = Release|Any CPU
		{29D843AC-8334-4F21-86E1-B812D8EC03D0}.Ad-Hoc|iPhoneSimulator.Deploy.0 = Release|Any CPU
		{29D843AC-8334-4F21-86E1-B812D8EC03D0}.AppStore|Any CPU.ActiveCfg = Release|Any CPU
		{29D843AC-8334-4F21-86E1-B812D8EC03D0}.AppStore|Any CPU.Build.0 = Release|Any CPU
		{29D843AC-8334-4F21-86E1-B812D8EC03D0}.AppStore|Any CPU.Deploy.0 = Release|Any CPU
		{29D843AC-8334-4F21-86E1-B812D8EC03D0}.AppStore|iPhone.ActiveCfg = Release|Any CPU
		{29D843AC-8334-4F21-86E1-B812D8EC03D0}.AppStore|iPhone.Build.0 = Release|Any CPU
		{29D843AC-8334-4F21-86E1-B812D8EC03D0}.AppStore|iPhone.Deploy.0 = Release|Any CPU
		{29D843AC-8334-4F21-86E1-B812D8EC03D0}.AppStore|iPhoneSimulator.ActiveCfg = Release|Any CPU
		{29D843AC-8334-4F21-86E1-B812D8EC03D0}.AppStore|iPhoneSimulator.Build.0 = Release|Any CPU
		{29D843AC-8334-4F21-86E1-B812D8EC03D0}.AppStore|iPhoneSimulator.Deploy.0 = Release|Any CPU
		{29D843AC-8334-4F21-86E1-B812D8EC03D0}.Debug|Any CPU.ActiveCfg = Debug|Any CPU
		{29D843AC-8334-4F21-86E1-B812D8EC03D0}.Debug|Any CPU.Build.0 = Debug|Any CPU
		{29D843AC-8334-4F21-86E1-B812D8EC03D0}.Debug|Any CPU.Deploy.0 = Debug|Any CPU
		{29D843AC-8334-4F21-86E1-B812D8EC03D0}.Debug|iPhone.ActiveCfg = Debug|Any CPU
		{29D843AC-8334-4F21-86E1-B812D8EC03D0}.Debug|iPhoneSimulator.ActiveCfg = Debug|Any CPU
		{29D843AC-8334-4F21-86E1-B812D8EC03D0}.DebugInfinite|Any CPU.ActiveCfg = Debug|Any CPU
		{29D843AC-8334-4F21-86E1-B812D8EC03D0}.DebugInfinite|Any CPU.Build.0 = Debug|Any CPU
		{29D843AC-8334-4F21-86E1-B812D8EC03D0}.DebugInfinite|Any CPU.Deploy.0 = Debug|Any CPU
		{29D843AC-8334-4F21-86E1-B812D8EC03D0}.DebugInfinite|iPhone.ActiveCfg = Debug|Any CPU
		{29D843AC-8334-4F21-86E1-B812D8EC03D0}.DebugInfinite|iPhone.Build.0 = Debug|Any CPU
		{29D843AC-8334-4F21-86E1-B812D8EC03D0}.DebugInfinite|iPhone.Deploy.0 = Debug|Any CPU
		{29D843AC-8334-4F21-86E1-B812D8EC03D0}.DebugInfinite|iPhoneSimulator.ActiveCfg = Debug|Any CPU
		{29D843AC-8334-4F21-86E1-B812D8EC03D0}.DebugInfinite|iPhoneSimulator.Build.0 = Debug|Any CPU
		{29D843AC-8334-4F21-86E1-B812D8EC03D0}.DebugInfinite|iPhoneSimulator.Deploy.0 = Debug|Any CPU
		{29D843AC-8334-4F21-86E1-B812D8EC03D0}.Release|Any CPU.ActiveCfg = Release|Any CPU
		{29D843AC-8334-4F21-86E1-B812D8EC03D0}.Release|Any CPU.Build.0 = Release|Any CPU
		{29D843AC-8334-4F21-86E1-B812D8EC03D0}.Release|Any CPU.Deploy.0 = Release|Any CPU
		{29D843AC-8334-4F21-86E1-B812D8EC03D0}.Release|iPhone.ActiveCfg = Release|Any CPU
		{29D843AC-8334-4F21-86E1-B812D8EC03D0}.Release|iPhone.Build.0 = Release|Any CPU
		{29D843AC-8334-4F21-86E1-B812D8EC03D0}.Release|iPhone.Deploy.0 = Release|Any CPU
		{29D843AC-8334-4F21-86E1-B812D8EC03D0}.Release|iPhoneSimulator.ActiveCfg = Release|Any CPU
		{29D843AC-8334-4F21-86E1-B812D8EC03D0}.Release|iPhoneSimulator.Build.0 = Release|Any CPU
		{29D843AC-8334-4F21-86E1-B812D8EC03D0}.Release|iPhoneSimulator.Deploy.0 = Release|Any CPU
		{A6B2F126-4DDF-46A6-BF7B-C28C3C832FB4}.Ad-Hoc|Any CPU.ActiveCfg = Ad-Hoc|iPhone
		{A6B2F126-4DDF-46A6-BF7B-C28C3C832FB4}.Ad-Hoc|iPhone.ActiveCfg = Ad-Hoc|iPhone
		{A6B2F126-4DDF-46A6-BF7B-C28C3C832FB4}.Ad-Hoc|iPhone.Build.0 = Ad-Hoc|iPhone
		{A6B2F126-4DDF-46A6-BF7B-C28C3C832FB4}.Ad-Hoc|iPhoneSimulator.ActiveCfg = Ad-Hoc|iPhoneSimulator
		{A6B2F126-4DDF-46A6-BF7B-C28C3C832FB4}.Ad-Hoc|iPhoneSimulator.Build.0 = Ad-Hoc|iPhoneSimulator
		{A6B2F126-4DDF-46A6-BF7B-C28C3C832FB4}.AppStore|Any CPU.ActiveCfg = AppStore|iPhone
		{A6B2F126-4DDF-46A6-BF7B-C28C3C832FB4}.AppStore|iPhone.ActiveCfg = AppStore|iPhone
		{A6B2F126-4DDF-46A6-BF7B-C28C3C832FB4}.AppStore|iPhone.Build.0 = AppStore|iPhone
		{A6B2F126-4DDF-46A6-BF7B-C28C3C832FB4}.AppStore|iPhoneSimulator.ActiveCfg = AppStore|iPhoneSimulator
		{A6B2F126-4DDF-46A6-BF7B-C28C3C832FB4}.AppStore|iPhoneSimulator.Build.0 = AppStore|iPhoneSimulator
		{A6B2F126-4DDF-46A6-BF7B-C28C3C832FB4}.Debug|Any CPU.ActiveCfg = Debug|iPhone
		{A6B2F126-4DDF-46A6-BF7B-C28C3C832FB4}.Debug|iPhone.ActiveCfg = Debug|iPhone
		{A6B2F126-4DDF-46A6-BF7B-C28C3C832FB4}.Debug|iPhone.Build.0 = Debug|iPhone
		{A6B2F126-4DDF-46A6-BF7B-C28C3C832FB4}.Debug|iPhoneSimulator.ActiveCfg = Debug|iPhoneSimulator
		{A6B2F126-4DDF-46A6-BF7B-C28C3C832FB4}.Debug|iPhoneSimulator.Build.0 = Debug|iPhoneSimulator
		{A6B2F126-4DDF-46A6-BF7B-C28C3C832FB4}.DebugInfinite|Any CPU.ActiveCfg = Debug|iPhoneSimulator
		{A6B2F126-4DDF-46A6-BF7B-C28C3C832FB4}.DebugInfinite|Any CPU.Build.0 = Debug|iPhoneSimulator
		{A6B2F126-4DDF-46A6-BF7B-C28C3C832FB4}.DebugInfinite|iPhone.ActiveCfg = Debug|iPhone
		{A6B2F126-4DDF-46A6-BF7B-C28C3C832FB4}.DebugInfinite|iPhone.Build.0 = Debug|iPhone
		{A6B2F126-4DDF-46A6-BF7B-C28C3C832FB4}.DebugInfinite|iPhoneSimulator.ActiveCfg = Debug|iPhoneSimulator
		{A6B2F126-4DDF-46A6-BF7B-C28C3C832FB4}.DebugInfinite|iPhoneSimulator.Build.0 = Debug|iPhoneSimulator
		{A6B2F126-4DDF-46A6-BF7B-C28C3C832FB4}.Release|Any CPU.ActiveCfg = Release|iPhone
		{A6B2F126-4DDF-46A6-BF7B-C28C3C832FB4}.Release|iPhone.ActiveCfg = Release|iPhone
		{A6B2F126-4DDF-46A6-BF7B-C28C3C832FB4}.Release|iPhone.Build.0 = Release|iPhone
		{A6B2F126-4DDF-46A6-BF7B-C28C3C832FB4}.Release|iPhoneSimulator.ActiveCfg = Release|iPhoneSimulator
		{A6B2F126-4DDF-46A6-BF7B-C28C3C832FB4}.Release|iPhoneSimulator.Build.0 = Release|iPhoneSimulator
		{925BEE54-9AFC-423A-9CB4-91E4C3ECD2A8}.Ad-Hoc|Any CPU.ActiveCfg = Debug|Any CPU
		{925BEE54-9AFC-423A-9CB4-91E4C3ECD2A8}.Ad-Hoc|Any CPU.Build.0 = Debug|Any CPU
		{925BEE54-9AFC-423A-9CB4-91E4C3ECD2A8}.Ad-Hoc|iPhone.ActiveCfg = Debug|Any CPU
		{925BEE54-9AFC-423A-9CB4-91E4C3ECD2A8}.Ad-Hoc|iPhone.Build.0 = Debug|Any CPU
		{925BEE54-9AFC-423A-9CB4-91E4C3ECD2A8}.Ad-Hoc|iPhoneSimulator.ActiveCfg = Debug|Any CPU
		{925BEE54-9AFC-423A-9CB4-91E4C3ECD2A8}.Ad-Hoc|iPhoneSimulator.Build.0 = Debug|Any CPU
		{925BEE54-9AFC-423A-9CB4-91E4C3ECD2A8}.AppStore|Any CPU.ActiveCfg = Debug|Any CPU
		{925BEE54-9AFC-423A-9CB4-91E4C3ECD2A8}.AppStore|Any CPU.Build.0 = Debug|Any CPU
		{925BEE54-9AFC-423A-9CB4-91E4C3ECD2A8}.AppStore|iPhone.ActiveCfg = Debug|Any CPU
		{925BEE54-9AFC-423A-9CB4-91E4C3ECD2A8}.AppStore|iPhone.Build.0 = Debug|Any CPU
		{925BEE54-9AFC-423A-9CB4-91E4C3ECD2A8}.AppStore|iPhoneSimulator.ActiveCfg = Debug|Any CPU
		{925BEE54-9AFC-423A-9CB4-91E4C3ECD2A8}.AppStore|iPhoneSimulator.Build.0 = Debug|Any CPU
		{925BEE54-9AFC-423A-9CB4-91E4C3ECD2A8}.Debug|Any CPU.ActiveCfg = Debug|Any CPU
		{925BEE54-9AFC-423A-9CB4-91E4C3ECD2A8}.Debug|Any CPU.Build.0 = Debug|Any CPU
		{925BEE54-9AFC-423A-9CB4-91E4C3ECD2A8}.Debug|iPhone.ActiveCfg = Debug|Any CPU
		{925BEE54-9AFC-423A-9CB4-91E4C3ECD2A8}.Debug|iPhone.Build.0 = Debug|Any CPU
		{925BEE54-9AFC-423A-9CB4-91E4C3ECD2A8}.Debug|iPhoneSimulator.ActiveCfg = Debug|Any CPU
		{925BEE54-9AFC-423A-9CB4-91E4C3ECD2A8}.Debug|iPhoneSimulator.Build.0 = Debug|Any CPU
		{925BEE54-9AFC-423A-9CB4-91E4C3ECD2A8}.DebugInfinite|Any CPU.ActiveCfg = Debug|Any CPU
		{925BEE54-9AFC-423A-9CB4-91E4C3ECD2A8}.DebugInfinite|Any CPU.Build.0 = Debug|Any CPU
		{925BEE54-9AFC-423A-9CB4-91E4C3ECD2A8}.DebugInfinite|iPhone.ActiveCfg = Debug|Any CPU
		{925BEE54-9AFC-423A-9CB4-91E4C3ECD2A8}.DebugInfinite|iPhone.Build.0 = Debug|Any CPU
		{925BEE54-9AFC-423A-9CB4-91E4C3ECD2A8}.DebugInfinite|iPhoneSimulator.ActiveCfg = Debug|Any CPU
		{925BEE54-9AFC-423A-9CB4-91E4C3ECD2A8}.DebugInfinite|iPhoneSimulator.Build.0 = Debug|Any CPU
		{925BEE54-9AFC-423A-9CB4-91E4C3ECD2A8}.Release|Any CPU.ActiveCfg = Release|Any CPU
		{925BEE54-9AFC-423A-9CB4-91E4C3ECD2A8}.Release|Any CPU.Build.0 = Release|Any CPU
		{925BEE54-9AFC-423A-9CB4-91E4C3ECD2A8}.Release|iPhone.ActiveCfg = Release|Any CPU
		{925BEE54-9AFC-423A-9CB4-91E4C3ECD2A8}.Release|iPhone.Build.0 = Release|Any CPU
		{925BEE54-9AFC-423A-9CB4-91E4C3ECD2A8}.Release|iPhoneSimulator.ActiveCfg = Release|Any CPU
		{925BEE54-9AFC-423A-9CB4-91E4C3ECD2A8}.Release|iPhoneSimulator.Build.0 = Release|Any CPU
		{BEF61BA6-2881-478D-8E49-C7FBC89A0069}.Ad-Hoc|Any CPU.ActiveCfg = Debug|Any CPU
		{BEF61BA6-2881-478D-8E49-C7FBC89A0069}.Ad-Hoc|Any CPU.Build.0 = Debug|Any CPU
		{BEF61BA6-2881-478D-8E49-C7FBC89A0069}.Ad-Hoc|iPhone.ActiveCfg = Debug|Any CPU
		{BEF61BA6-2881-478D-8E49-C7FBC89A0069}.Ad-Hoc|iPhone.Build.0 = Debug|Any CPU
		{BEF61BA6-2881-478D-8E49-C7FBC89A0069}.Ad-Hoc|iPhoneSimulator.ActiveCfg = Debug|Any CPU
		{BEF61BA6-2881-478D-8E49-C7FBC89A0069}.Ad-Hoc|iPhoneSimulator.Build.0 = Debug|Any CPU
		{BEF61BA6-2881-478D-8E49-C7FBC89A0069}.AppStore|Any CPU.ActiveCfg = Debug|Any CPU
		{BEF61BA6-2881-478D-8E49-C7FBC89A0069}.AppStore|Any CPU.Build.0 = Debug|Any CPU
		{BEF61BA6-2881-478D-8E49-C7FBC89A0069}.AppStore|iPhone.ActiveCfg = Debug|Any CPU
		{BEF61BA6-2881-478D-8E49-C7FBC89A0069}.AppStore|iPhone.Build.0 = Debug|Any CPU
		{BEF61BA6-2881-478D-8E49-C7FBC89A0069}.AppStore|iPhoneSimulator.ActiveCfg = Debug|Any CPU
		{BEF61BA6-2881-478D-8E49-C7FBC89A0069}.AppStore|iPhoneSimulator.Build.0 = Debug|Any CPU
		{BEF61BA6-2881-478D-8E49-C7FBC89A0069}.Debug|Any CPU.ActiveCfg = Debug|Any CPU
		{BEF61BA6-2881-478D-8E49-C7FBC89A0069}.Debug|Any CPU.Build.0 = Debug|Any CPU
		{BEF61BA6-2881-478D-8E49-C7FBC89A0069}.Debug|iPhone.ActiveCfg = Debug|Any CPU
		{BEF61BA6-2881-478D-8E49-C7FBC89A0069}.Debug|iPhone.Build.0 = Debug|Any CPU
		{BEF61BA6-2881-478D-8E49-C7FBC89A0069}.Debug|iPhoneSimulator.ActiveCfg = Debug|Any CPU
		{BEF61BA6-2881-478D-8E49-C7FBC89A0069}.Debug|iPhoneSimulator.Build.0 = Debug|Any CPU
		{BEF61BA6-2881-478D-8E49-C7FBC89A0069}.DebugInfinite|Any CPU.ActiveCfg = Debug|Any CPU
		{BEF61BA6-2881-478D-8E49-C7FBC89A0069}.DebugInfinite|Any CPU.Build.0 = Debug|Any CPU
		{BEF61BA6-2881-478D-8E49-C7FBC89A0069}.DebugInfinite|iPhone.ActiveCfg = Debug|Any CPU
		{BEF61BA6-2881-478D-8E49-C7FBC89A0069}.DebugInfinite|iPhone.Build.0 = Debug|Any CPU
		{BEF61BA6-2881-478D-8E49-C7FBC89A0069}.DebugInfinite|iPhoneSimulator.ActiveCfg = Debug|Any CPU
		{BEF61BA6-2881-478D-8E49-C7FBC89A0069}.DebugInfinite|iPhoneSimulator.Build.0 = Debug|Any CPU
		{BEF61BA6-2881-478D-8E49-C7FBC89A0069}.Release|Any CPU.ActiveCfg = Release|Any CPU
		{BEF61BA6-2881-478D-8E49-C7FBC89A0069}.Release|Any CPU.Build.0 = Release|Any CPU
		{BEF61BA6-2881-478D-8E49-C7FBC89A0069}.Release|iPhone.ActiveCfg = Release|Any CPU
		{BEF61BA6-2881-478D-8E49-C7FBC89A0069}.Release|iPhone.Build.0 = Release|Any CPU
		{BEF61BA6-2881-478D-8E49-C7FBC89A0069}.Release|iPhoneSimulator.ActiveCfg = Release|Any CPU
		{BEF61BA6-2881-478D-8E49-C7FBC89A0069}.Release|iPhoneSimulator.Build.0 = Release|Any CPU
		{5C880A51-9E8A-42A9-9FA5-10BC7D3E9FFC}.Ad-Hoc|Any CPU.ActiveCfg = Release|Any CPU
		{5C880A51-9E8A-42A9-9FA5-10BC7D3E9FFC}.Ad-Hoc|Any CPU.Build.0 = Release|Any CPU
		{5C880A51-9E8A-42A9-9FA5-10BC7D3E9FFC}.Ad-Hoc|iPhone.ActiveCfg = Release|Any CPU
		{5C880A51-9E8A-42A9-9FA5-10BC7D3E9FFC}.Ad-Hoc|iPhone.Build.0 = Release|Any CPU
		{5C880A51-9E8A-42A9-9FA5-10BC7D3E9FFC}.Ad-Hoc|iPhoneSimulator.ActiveCfg = Release|Any CPU
		{5C880A51-9E8A-42A9-9FA5-10BC7D3E9FFC}.Ad-Hoc|iPhoneSimulator.Build.0 = Release|Any CPU
		{5C880A51-9E8A-42A9-9FA5-10BC7D3E9FFC}.AppStore|Any CPU.ActiveCfg = Release|Any CPU
		{5C880A51-9E8A-42A9-9FA5-10BC7D3E9FFC}.AppStore|Any CPU.Build.0 = Release|Any CPU
		{5C880A51-9E8A-42A9-9FA5-10BC7D3E9FFC}.AppStore|iPhone.ActiveCfg = Release|Any CPU
		{5C880A51-9E8A-42A9-9FA5-10BC7D3E9FFC}.AppStore|iPhone.Build.0 = Release|Any CPU
		{5C880A51-9E8A-42A9-9FA5-10BC7D3E9FFC}.AppStore|iPhoneSimulator.ActiveCfg = Release|Any CPU
		{5C880A51-9E8A-42A9-9FA5-10BC7D3E9FFC}.AppStore|iPhoneSimulator.Build.0 = Release|Any CPU
		{5C880A51-9E8A-42A9-9FA5-10BC7D3E9FFC}.Debug|Any CPU.ActiveCfg = Debug|Any CPU
		{5C880A51-9E8A-42A9-9FA5-10BC7D3E9FFC}.Debug|Any CPU.Build.0 = Debug|Any CPU
		{5C880A51-9E8A-42A9-9FA5-10BC7D3E9FFC}.Debug|iPhone.ActiveCfg = Debug|Any CPU
		{5C880A51-9E8A-42A9-9FA5-10BC7D3E9FFC}.Debug|iPhoneSimulator.ActiveCfg = Debug|Any CPU
		{5C880A51-9E8A-42A9-9FA5-10BC7D3E9FFC}.DebugInfinite|Any CPU.ActiveCfg = Debug|Any CPU
		{5C880A51-9E8A-42A9-9FA5-10BC7D3E9FFC}.DebugInfinite|Any CPU.Build.0 = Debug|Any CPU
		{5C880A51-9E8A-42A9-9FA5-10BC7D3E9FFC}.DebugInfinite|iPhone.ActiveCfg = Debug|Any CPU
		{5C880A51-9E8A-42A9-9FA5-10BC7D3E9FFC}.DebugInfinite|iPhone.Build.0 = Debug|Any CPU
		{5C880A51-9E8A-42A9-9FA5-10BC7D3E9FFC}.DebugInfinite|iPhoneSimulator.ActiveCfg = Debug|Any CPU
		{5C880A51-9E8A-42A9-9FA5-10BC7D3E9FFC}.DebugInfinite|iPhoneSimulator.Build.0 = Debug|Any CPU
		{5C880A51-9E8A-42A9-9FA5-10BC7D3E9FFC}.Release|Any CPU.ActiveCfg = Release|Any CPU
		{5C880A51-9E8A-42A9-9FA5-10BC7D3E9FFC}.Release|Any CPU.Build.0 = Release|Any CPU
		{5C880A51-9E8A-42A9-9FA5-10BC7D3E9FFC}.Release|iPhone.ActiveCfg = Release|Any CPU
		{5C880A51-9E8A-42A9-9FA5-10BC7D3E9FFC}.Release|iPhone.Build.0 = Release|Any CPU
		{5C880A51-9E8A-42A9-9FA5-10BC7D3E9FFC}.Release|iPhoneSimulator.ActiveCfg = Release|Any CPU
		{5C880A51-9E8A-42A9-9FA5-10BC7D3E9FFC}.Release|iPhoneSimulator.Build.0 = Release|Any CPU
		{E71F3053-056C-4381-9638-048ED73BDFF6}.Ad-Hoc|Any CPU.ActiveCfg = Release|Any CPU
		{E71F3053-056C-4381-9638-048ED73BDFF6}.Ad-Hoc|Any CPU.Build.0 = Release|Any CPU
		{E71F3053-056C-4381-9638-048ED73BDFF6}.Ad-Hoc|iPhone.ActiveCfg = Release|Any CPU
		{E71F3053-056C-4381-9638-048ED73BDFF6}.Ad-Hoc|iPhone.Build.0 = Release|Any CPU
		{E71F3053-056C-4381-9638-048ED73BDFF6}.Ad-Hoc|iPhoneSimulator.ActiveCfg = Release|Any CPU
		{E71F3053-056C-4381-9638-048ED73BDFF6}.Ad-Hoc|iPhoneSimulator.Build.0 = Release|Any CPU
		{E71F3053-056C-4381-9638-048ED73BDFF6}.AppStore|Any CPU.ActiveCfg = Release|Any CPU
		{E71F3053-056C-4381-9638-048ED73BDFF6}.AppStore|Any CPU.Build.0 = Release|Any CPU
		{E71F3053-056C-4381-9638-048ED73BDFF6}.AppStore|iPhone.ActiveCfg = Release|Any CPU
		{E71F3053-056C-4381-9638-048ED73BDFF6}.AppStore|iPhone.Build.0 = Release|Any CPU
		{E71F3053-056C-4381-9638-048ED73BDFF6}.AppStore|iPhoneSimulator.ActiveCfg = Release|Any CPU
		{E71F3053-056C-4381-9638-048ED73BDFF6}.AppStore|iPhoneSimulator.Build.0 = Release|Any CPU
		{E71F3053-056C-4381-9638-048ED73BDFF6}.Debug|Any CPU.ActiveCfg = Debug|Any CPU
		{E71F3053-056C-4381-9638-048ED73BDFF6}.Debug|Any CPU.Build.0 = Debug|Any CPU
		{E71F3053-056C-4381-9638-048ED73BDFF6}.Debug|iPhone.ActiveCfg = Debug|Any CPU
		{E71F3053-056C-4381-9638-048ED73BDFF6}.Debug|iPhone.Build.0 = Debug|Any CPU
		{E71F3053-056C-4381-9638-048ED73BDFF6}.Debug|iPhoneSimulator.ActiveCfg = Debug|Any CPU
		{E71F3053-056C-4381-9638-048ED73BDFF6}.Debug|iPhoneSimulator.Build.0 = Debug|Any CPU
		{E71F3053-056C-4381-9638-048ED73BDFF6}.DebugInfinite|Any CPU.ActiveCfg = Debug|Any CPU
		{E71F3053-056C-4381-9638-048ED73BDFF6}.DebugInfinite|Any CPU.Build.0 = Debug|Any CPU
		{E71F3053-056C-4381-9638-048ED73BDFF6}.DebugInfinite|iPhone.ActiveCfg = Debug|Any CPU
		{E71F3053-056C-4381-9638-048ED73BDFF6}.DebugInfinite|iPhone.Build.0 = Debug|Any CPU
		{E71F3053-056C-4381-9638-048ED73BDFF6}.DebugInfinite|iPhoneSimulator.ActiveCfg = Debug|Any CPU
		{E71F3053-056C-4381-9638-048ED73BDFF6}.DebugInfinite|iPhoneSimulator.Build.0 = Debug|Any CPU
		{E71F3053-056C-4381-9638-048ED73BDFF6}.Release|Any CPU.ActiveCfg = Release|Any CPU
		{E71F3053-056C-4381-9638-048ED73BDFF6}.Release|Any CPU.Build.0 = Release|Any CPU
		{E71F3053-056C-4381-9638-048ED73BDFF6}.Release|iPhone.ActiveCfg = Release|Any CPU
		{E71F3053-056C-4381-9638-048ED73BDFF6}.Release|iPhone.Build.0 = Release|Any CPU
		{E71F3053-056C-4381-9638-048ED73BDFF6}.Release|iPhoneSimulator.ActiveCfg = Release|Any CPU
		{E71F3053-056C-4381-9638-048ED73BDFF6}.Release|iPhoneSimulator.Build.0 = Release|Any CPU
		{CA98E435-09D1-4358-BFAA-77265143095E}.Ad-Hoc|Any CPU.ActiveCfg = Debug|Any CPU
		{CA98E435-09D1-4358-BFAA-77265143095E}.Ad-Hoc|Any CPU.Build.0 = Debug|Any CPU
		{CA98E435-09D1-4358-BFAA-77265143095E}.Ad-Hoc|iPhone.ActiveCfg = Debug|Any CPU
		{CA98E435-09D1-4358-BFAA-77265143095E}.Ad-Hoc|iPhone.Build.0 = Debug|Any CPU
		{CA98E435-09D1-4358-BFAA-77265143095E}.Ad-Hoc|iPhoneSimulator.ActiveCfg = Debug|Any CPU
		{CA98E435-09D1-4358-BFAA-77265143095E}.Ad-Hoc|iPhoneSimulator.Build.0 = Debug|Any CPU
		{CA98E435-09D1-4358-BFAA-77265143095E}.AppStore|Any CPU.ActiveCfg = Debug|Any CPU
		{CA98E435-09D1-4358-BFAA-77265143095E}.AppStore|Any CPU.Build.0 = Debug|Any CPU
		{CA98E435-09D1-4358-BFAA-77265143095E}.AppStore|iPhone.ActiveCfg = Debug|Any CPU
		{CA98E435-09D1-4358-BFAA-77265143095E}.AppStore|iPhone.Build.0 = Debug|Any CPU
		{CA98E435-09D1-4358-BFAA-77265143095E}.AppStore|iPhoneSimulator.ActiveCfg = Debug|Any CPU
		{CA98E435-09D1-4358-BFAA-77265143095E}.AppStore|iPhoneSimulator.Build.0 = Debug|Any CPU
		{CA98E435-09D1-4358-BFAA-77265143095E}.Debug|Any CPU.ActiveCfg = Debug|Any CPU
		{CA98E435-09D1-4358-BFAA-77265143095E}.Debug|Any CPU.Build.0 = Debug|Any CPU
		{CA98E435-09D1-4358-BFAA-77265143095E}.Debug|iPhone.ActiveCfg = Debug|Any CPU
		{CA98E435-09D1-4358-BFAA-77265143095E}.Debug|iPhone.Build.0 = Debug|Any CPU
		{CA98E435-09D1-4358-BFAA-77265143095E}.Debug|iPhoneSimulator.ActiveCfg = Debug|Any CPU
		{CA98E435-09D1-4358-BFAA-77265143095E}.Debug|iPhoneSimulator.Build.0 = Debug|Any CPU
		{CA98E435-09D1-4358-BFAA-77265143095E}.DebugInfinite|Any CPU.ActiveCfg = DebugInfinite|Any CPU
		{CA98E435-09D1-4358-BFAA-77265143095E}.DebugInfinite|Any CPU.Build.0 = DebugInfinite|Any CPU
		{CA98E435-09D1-4358-BFAA-77265143095E}.DebugInfinite|iPhone.ActiveCfg = DebugInfinite|Any CPU
		{CA98E435-09D1-4358-BFAA-77265143095E}.DebugInfinite|iPhone.Build.0 = DebugInfinite|Any CPU
		{CA98E435-09D1-4358-BFAA-77265143095E}.DebugInfinite|iPhoneSimulator.ActiveCfg = DebugInfinite|Any CPU
		{CA98E435-09D1-4358-BFAA-77265143095E}.DebugInfinite|iPhoneSimulator.Build.0 = DebugInfinite|Any CPU
		{CA98E435-09D1-4358-BFAA-77265143095E}.Release|Any CPU.ActiveCfg = Release|Any CPU
		{CA98E435-09D1-4358-BFAA-77265143095E}.Release|Any CPU.Build.0 = Release|Any CPU
		{CA98E435-09D1-4358-BFAA-77265143095E}.Release|iPhone.ActiveCfg = Release|Any CPU
		{CA98E435-09D1-4358-BFAA-77265143095E}.Release|iPhone.Build.0 = Release|Any CPU
		{CA98E435-09D1-4358-BFAA-77265143095E}.Release|iPhoneSimulator.ActiveCfg = Release|Any CPU
		{CA98E435-09D1-4358-BFAA-77265143095E}.Release|iPhoneSimulator.Build.0 = Release|Any CPU
	EndGlobalSection
	GlobalSection(SolutionProperties) = preSolution
		HideSolutionNode = FALSE
	EndGlobalSection
	GlobalSection(NestedProjects) = preSolution
		{925BEE54-9AFC-423A-9CB4-91E4C3ECD2A8} = {5C2ABC05-D72C-4BC8-8189-8B26E772B666}
		{BEF61BA6-2881-478D-8E49-C7FBC89A0069} = {5C2ABC05-D72C-4BC8-8189-8B26E772B666}
		{5C880A51-9E8A-42A9-9FA5-10BC7D3E9FFC} = {5C2ABC05-D72C-4BC8-8189-8B26E772B666}
		{E71F3053-056C-4381-9638-048ED73BDFF6} = {5C2ABC05-D72C-4BC8-8189-8B26E772B666}
	EndGlobalSection
	GlobalSection(ExtensibilityGlobals) = postSolution
		SolutionGuid = {6C5BF1F5-C9B1-4755-A9D5-0CB86C6019E0}
	EndGlobalSection
EndGlobal
